// !$*UTF8*$!
{
	archiveVersion = 1;
	classes = {
	};
	objectVersion = 46;
	objects = {

/* Begin PBXBuildFile section */
		0038551424A33936C40C4A8E /* Pods_WizardDuel_macOS.framework in Frameworks */ = {isa = PBXBuildFile; fileRef = 8BF272E29E9CDB86E62DE151 /* Pods_WizardDuel_macOS.framework */; };
		0303327720A6026E00C7594B /* PlayingCard.swift in Sources */ = {isa = PBXBuildFile; fileRef = 4E396EB71EF3E4AB00F8696A /* PlayingCard.swift */; };
		03362DF721309D6800596D52 /* PlayerDetailsViewController.swift in Sources */ = {isa = PBXBuildFile; fileRef = 03362DF621309D6800596D52 /* PlayerDetailsViewController.swift */; };
		0350AE2220F153BC00A86E5E /* Muldrotha.txt in Resources */ = {isa = PBXBuildFile; fileRef = 0350AE2120F153BC00A86E5E /* Muldrotha.txt */; };
		0350AE2320F153BC00A86E5E /* Muldrotha.txt in Resources */ = {isa = PBXBuildFile; fileRef = 0350AE2120F153BC00A86E5E /* Muldrotha.txt */; };
		0350AE2420F153BC00A86E5E /* Muldrotha.txt in Resources */ = {isa = PBXBuildFile; fileRef = 0350AE2120F153BC00A86E5E /* Muldrotha.txt */; };
		0365695C20F7C8DC00EE9839 /* Tokens.xcassets in Resources */ = {isa = PBXBuildFile; fileRef = 0365695B20F7C8DC00EE9839 /* Tokens.xcassets */; };
		0365695D20F7C8DC00EE9839 /* Tokens.xcassets in Resources */ = {isa = PBXBuildFile; fileRef = 0365695B20F7C8DC00EE9839 /* Tokens.xcassets */; };
		0365695E20F7C8DC00EE9839 /* Tokens.xcassets in Resources */ = {isa = PBXBuildFile; fileRef = 0365695B20F7C8DC00EE9839 /* Tokens.xcassets */; };
		036EE1E220C85E3200A768A0 /* PlayingDice.swift in Sources */ = {isa = PBXBuildFile; fileRef = 036EE1E120C85E3200A768A0 /* PlayingDice.swift */; };
		03779E2A20B481C800F2DA43 /* testDeck2.txt in Resources */ = {isa = PBXBuildFile; fileRef = 03779E2920B481C700F2DA43 /* testDeck2.txt */; };
		0377EE5820F892D600C6F94B /* tokens.txt in Resources */ = {isa = PBXBuildFile; fileRef = 0377EE5720F892D600C6F94B /* tokens.txt */; };
		0377EE5920F892D600C6F94B /* tokens.txt in Resources */ = {isa = PBXBuildFile; fileRef = 0377EE5720F892D600C6F94B /* tokens.txt */; };
		0377EE5A20F892D600C6F94B /* tokens.txt in Resources */ = {isa = PBXBuildFile; fileRef = 0377EE5720F892D600C6F94B /* tokens.txt */; };
		0378867020ACA38E00B2B2E4 /* MasterDeck.swift in Sources */ = {isa = PBXBuildFile; fileRef = 0378866F20ACA38E00B2B2E4 /* MasterDeck.swift */; };
		039785CD20A52CA0005C2F1C /* testDeck.txt in Resources */ = {isa = PBXBuildFile; fileRef = 039785CC20A52CA0005C2F1C /* testDeck.txt */; };
		03B66FBC2125EA7E005827ED /* Database.swift in Sources */ = {isa = PBXBuildFile; fileRef = 03B66FBB2125EA7E005827ED /* Database.swift */; };
		03B66FBD2125EA7E005827ED /* Database.swift in Sources */ = {isa = PBXBuildFile; fileRef = 03B66FBB2125EA7E005827ED /* Database.swift */; };
		03B66FBE2125EA7E005827ED /* Database.swift in Sources */ = {isa = PBXBuildFile; fileRef = 03B66FBB2125EA7E005827ED /* Database.swift */; };
		03B8994720E03E5200CBEFDC /* PlayerInfo.swift in Sources */ = {isa = PBXBuildFile; fileRef = 03B8994620E03E5200CBEFDC /* PlayerInfo.swift */; };
		03D5AD4120A8C8AE001E29CE /* Battlefield.swift in Sources */ = {isa = PBXBuildFile; fileRef = 03D5AD4020A8C8AE001E29CE /* Battlefield.swift */; };
		03EE278320C70B8E00427770 /* Dice.swift in Sources */ = {isa = PBXBuildFile; fileRef = 03EE278220C70B8E00427770 /* Dice.swift */; };
		03F157B220BC856D000301EB /* LoginInfo.swift in Sources */ = {isa = PBXBuildFile; fileRef = 03F157B120BC856D000301EB /* LoginInfo.swift */; };
		03F7197320B0A16900B70122 /* Labels.swift in Sources */ = {isa = PBXBuildFile; fileRef = 03F7197220B0A16900B70122 /* Labels.swift */; };
		03FACC6C20CB83AE00BC8F89 /* GoogleService-Info.plist in Resources */ = {isa = PBXBuildFile; fileRef = 03FACC6B20CB83AE00BC8F89 /* GoogleService-Info.plist */; };
		0B153C4E8F87D063960FBF7F /* libPods-WizardDuel iOS.a in Frameworks */ = {isa = PBXBuildFile; fileRef = 815E421A264786F281579619 /* libPods-WizardDuel iOS.a */; };
		4E004E481F57797B00F12974 /* Move.swift in Sources */ = {isa = PBXBuildFile; fileRef = 4E004E471F57797B00F12974 /* Move.swift */; };
		4E2E3F0B1F5627A000BF0862 /* ContainsCard.swift in Sources */ = {isa = PBXBuildFile; fileRef = 4E2E3F0A1F5627A000BF0862 /* ContainsCard.swift */; };
		4E2E3F0D1F56288E00BF0862 /* Resetable.swift in Sources */ = {isa = PBXBuildFile; fileRef = 4E2E3F0C1F56288E00BF0862 /* Resetable.swift */; };
		4E2E3F0F1F5628B600BF0862 /* HasState.swift in Sources */ = {isa = PBXBuildFile; fileRef = 4E2E3F0E1F5628B600BF0862 /* HasState.swift */; };
		4E350B9E1F489BFF0009FD4B /* README in Resources */ = {isa = PBXBuildFile; fileRef = 4E350B9D1F489BFF0009FD4B /* README */; };
		4E396E811EF3DF8600F8696A /* AppDelegate.swift in Sources */ = {isa = PBXBuildFile; fileRef = 4E396E801EF3DF8600F8696A /* AppDelegate.swift */; };
		4E396E871EF3DF8600F8696A /* GameScene.swift in Sources */ = {isa = PBXBuildFile; fileRef = 4E396E861EF3DF8600F8696A /* GameScene.swift */; };
		4E396E891EF3DF8600F8696A /* ViewController.swift in Sources */ = {isa = PBXBuildFile; fileRef = 4E396E881EF3DF8600F8696A /* ViewController.swift */; };
		4E396E8E1EF3DF8600F8696A /* Main.storyboard in Resources */ = {isa = PBXBuildFile; fileRef = 4E396E8C1EF3DF8600F8696A /* Main.storyboard */; };
		4E396E991EF3DF8600F8696A /* Freecell2Tests.swift in Sources */ = {isa = PBXBuildFile; fileRef = 4E396E981EF3DF8600F8696A /* Freecell2Tests.swift */; };
		4E71F1E31F438893002E66D3 /* Card.swift in Sources */ = {isa = PBXBuildFile; fileRef = 4E71F1E21F438893002E66D3 /* Card.swift */; };
		4E71F1E71F43891E002E66D3 /* Hand.swift in Sources */ = {isa = PBXBuildFile; fileRef = 4E71F1E61F43891E002E66D3 /* Hand.swift */; };
		4E71F1E91F438955002E66D3 /* Graveyard.swift in Sources */ = {isa = PBXBuildFile; fileRef = 4E71F1E81F438955002E66D3 /* Graveyard.swift */; };
		4E71F1EB1F4389B7002E66D3 /* Deck.swift in Sources */ = {isa = PBXBuildFile; fileRef = 4E71F1EA1F4389B7002E66D3 /* Deck.swift */; };
		4E71F1ED1F4389F0002E66D3 /* Game.swift in Sources */ = {isa = PBXBuildFile; fileRef = 4E71F1EC1F4389F0002E66D3 /* Game.swift */; };
		4E71F1F01F438A3C002E66D3 /* Shuffle.swift in Sources */ = {isa = PBXBuildFile; fileRef = 4E71F1EF1F438A3C002E66D3 /* Shuffle.swift */; };
		4E71F1F51F438AA1002E66D3 /* FoundationTests.swift in Sources */ = {isa = PBXBuildFile; fileRef = 4E71F1F41F438AA1002E66D3 /* FoundationTests.swift */; };
		4E71F1F71F438AEA002E66D3 /* GameTests.swift in Sources */ = {isa = PBXBuildFile; fileRef = 4E71F1F61F438AEA002E66D3 /* GameTests.swift */; };
		4E71F1F91F43913E002E66D3 /* GameError.swift in Sources */ = {isa = PBXBuildFile; fileRef = 4E71F1F81F43913E002E66D3 /* GameError.swift */; };
		4E71F2531F439933002E66D3 /* GameScene.sks in Resources */ = {isa = PBXBuildFile; fileRef = 4E71F2521F439933002E66D3 /* GameScene.sks */; };
		4E7B17841F5AFAB100D771FC /* GameResult.swift in Sources */ = {isa = PBXBuildFile; fileRef = 4E7B17831F5AFAB100D771FC /* GameResult.swift */; };
		4E984C0E1F58D48E00FD8BD7 /* GameSceneDelegate.swift in Sources */ = {isa = PBXBuildFile; fileRef = 4E984C0D1F58D48E00FD8BD7 /* GameSceneDelegate.swift */; };
		4EA1E2951F6609DB0061E64D /* ViewControllerDelegate.swift in Sources */ = {isa = PBXBuildFile; fileRef = 4EA1E2941F6609DB0061E64D /* ViewControllerDelegate.swift */; };
		4EE685EA1F578EB80005984F /* GameGraphics.swift in Sources */ = {isa = PBXBuildFile; fileRef = 4EE685E91F578EB80005984F /* GameGraphics.swift */; };
		4EE685EC1F578F210005984F /* GameGraphicsConfig.swift in Sources */ = {isa = PBXBuildFile; fileRef = 4EE685EB1F578F210005984F /* GameGraphicsConfig.swift */; };
		4EF3F2911F4857F8004197A8 /* CanAddCard.swift in Sources */ = {isa = PBXBuildFile; fileRef = 4EF3F2901F4857F8004197A8 /* CanAddCard.swift */; };
		4EF3F2931F4859EA004197A8 /* CascadeTests.swift in Sources */ = {isa = PBXBuildFile; fileRef = 4EF3F2921F4859EA004197A8 /* CascadeTests.swift */; };
		4EF3F2951F485A7E004197A8 /* CellTests.swift in Sources */ = {isa = PBXBuildFile; fileRef = 4EF3F2941F485A7E004197A8 /* CellTests.swift */; };
		4EF3F2971F485D7A004197A8 /* Location.swift in Sources */ = {isa = PBXBuildFile; fileRef = 4EF3F2961F485D7A004197A8 /* Location.swift */; };
		4EF3F2991F48795D004197A8 /* CurrentPlayingCard.swift in Sources */ = {isa = PBXBuildFile; fileRef = 4EF3F2981F48795D004197A8 /* CurrentPlayingCard.swift */; };
		4EF3F29B1F489690004197A8 /* State.swift in Sources */ = {isa = PBXBuildFile; fileRef = 4EF3F29A1F489690004197A8 /* State.swift */; };
		7E02B12C20EC6FF90088FFEB /* AppDelegate.swift in Sources */ = {isa = PBXBuildFile; fileRef = 7E02B12B20EC6FF90088FFEB /* AppDelegate.swift */; };
		7E02B12E20EC6FF90088FFEB /* GameViewController.swift in Sources */ = {isa = PBXBuildFile; fileRef = 7E02B12D20EC6FF90088FFEB /* GameViewController.swift */; };
		7E02B13120EC6FF90088FFEB /* Main.storyboard in Resources */ = {isa = PBXBuildFile; fileRef = 7E02B12F20EC6FF90088FFEB /* Main.storyboard */; };
		7E02B13420EC6FF90088FFEB /* LaunchScreen.storyboard in Resources */ = {isa = PBXBuildFile; fileRef = 7E02B13220EC6FF90088FFEB /* LaunchScreen.storyboard */; };
		7E02B14A20EC6FF90088FFEB /* Assets.xcassets in Resources */ = {isa = PBXBuildFile; fileRef = 7E02B12420EC6FF90088FFEB /* Assets.xcassets */; };
		7E02B14B20EC6FF90088FFEB /* Assets.xcassets in Resources */ = {isa = PBXBuildFile; fileRef = 7E02B12420EC6FF90088FFEB /* Assets.xcassets */; };
		7E02B15220EC702D0088FFEB /* Main.storyboard in Resources */ = {isa = PBXBuildFile; fileRef = 4E396E8C1EF3DF8600F8696A /* Main.storyboard */; };
		7E02B15320EC703C0088FFEB /* Info.plist in Resources */ = {isa = PBXBuildFile; fileRef = 4E396E8F1EF3DF8600F8696A /* Info.plist */; };
		7E02B15420EC70550088FFEB /* AppDelegate.swift in Sources */ = {isa = PBXBuildFile; fileRef = 4E396E801EF3DF8600F8696A /* AppDelegate.swift */; };
		7E02B15520EC70830088FFEB /* ViewController.swift in Sources */ = {isa = PBXBuildFile; fileRef = 4E396E881EF3DF8600F8696A /* ViewController.swift */; };
		7E02B15620EC70B50088FFEB /* Card.swift in Sources */ = {isa = PBXBuildFile; fileRef = 4E71F1E21F438893002E66D3 /* Card.swift */; };
		7E02B15720EC70B50088FFEB /* LoginInfo.swift in Sources */ = {isa = PBXBuildFile; fileRef = 03F157B120BC856D000301EB /* LoginInfo.swift */; };
		7E02B15820EC70B50088FFEB /* CanAddCard.swift in Sources */ = {isa = PBXBuildFile; fileRef = 4EF3F2901F4857F8004197A8 /* CanAddCard.swift */; };
		7E02B15920EC70B50088FFEB /* ContainsCard.swift in Sources */ = {isa = PBXBuildFile; fileRef = 4E2E3F0A1F5627A000BF0862 /* ContainsCard.swift */; };
		7E02B15A20EC70B50088FFEB /* Resetable.swift in Sources */ = {isa = PBXBuildFile; fileRef = 4E2E3F0C1F56288E00BF0862 /* Resetable.swift */; };
		7E02B15B20EC70B50088FFEB /* HasState.swift in Sources */ = {isa = PBXBuildFile; fileRef = 4E2E3F0E1F5628B600BF0862 /* HasState.swift */; };
		7E02B15C20EC70B50088FFEB /* Deck.swift in Sources */ = {isa = PBXBuildFile; fileRef = 4E71F1EA1F4389B7002E66D3 /* Deck.swift */; };
		7E02B15D20EC70B50088FFEB /* Dice.swift in Sources */ = {isa = PBXBuildFile; fileRef = 03EE278220C70B8E00427770 /* Dice.swift */; };
		7E02B15E20EC70B50088FFEB /* Hand.swift in Sources */ = {isa = PBXBuildFile; fileRef = 4E71F1E61F43891E002E66D3 /* Hand.swift */; };
		7E02B15F20EC70B50088FFEB /* Graveyard.swift in Sources */ = {isa = PBXBuildFile; fileRef = 4E71F1E81F438955002E66D3 /* Graveyard.swift */; };
		7E02B16020EC70B50088FFEB /* MasterDeck.swift in Sources */ = {isa = PBXBuildFile; fileRef = 0378866F20ACA38E00B2B2E4 /* MasterDeck.swift */; };
		7E02B16120EC70B50088FFEB /* Game.swift in Sources */ = {isa = PBXBuildFile; fileRef = 4E71F1EC1F4389F0002E66D3 /* Game.swift */; };
		7E02B16220EC70B50088FFEB /* Battlefield.swift in Sources */ = {isa = PBXBuildFile; fileRef = 03D5AD4020A8C8AE001E29CE /* Battlefield.swift */; };
		7E02B16320EC70B50088FFEB /* GameError.swift in Sources */ = {isa = PBXBuildFile; fileRef = 4E71F1F81F43913E002E66D3 /* GameError.swift */; };
		7E02B16420EC70B50088FFEB /* Location.swift in Sources */ = {isa = PBXBuildFile; fileRef = 4EF3F2961F485D7A004197A8 /* Location.swift */; };
		7E02B16520EC70B50088FFEB /* Move.swift in Sources */ = {isa = PBXBuildFile; fileRef = 4E004E471F57797B00F12974 /* Move.swift */; };
		7E02B16620EC70B50088FFEB /* State.swift in Sources */ = {isa = PBXBuildFile; fileRef = 4EF3F29A1F489690004197A8 /* State.swift */; };
		7E02B16720EC70B50088FFEB /* GameResult.swift in Sources */ = {isa = PBXBuildFile; fileRef = 4E7B17831F5AFAB100D771FC /* GameResult.swift */; };
		7E02B16820EC70B50088FFEB /* Card.swift in Sources */ = {isa = PBXBuildFile; fileRef = 4E71F1E21F438893002E66D3 /* Card.swift */; };
		7E02B16920EC70B50088FFEB /* LoginInfo.swift in Sources */ = {isa = PBXBuildFile; fileRef = 03F157B120BC856D000301EB /* LoginInfo.swift */; };
		7E02B16A20EC70B50088FFEB /* CanAddCard.swift in Sources */ = {isa = PBXBuildFile; fileRef = 4EF3F2901F4857F8004197A8 /* CanAddCard.swift */; };
		7E02B16B20EC70B50088FFEB /* ContainsCard.swift in Sources */ = {isa = PBXBuildFile; fileRef = 4E2E3F0A1F5627A000BF0862 /* ContainsCard.swift */; };
		7E02B16C20EC70B50088FFEB /* Resetable.swift in Sources */ = {isa = PBXBuildFile; fileRef = 4E2E3F0C1F56288E00BF0862 /* Resetable.swift */; };
		7E02B16D20EC70B50088FFEB /* HasState.swift in Sources */ = {isa = PBXBuildFile; fileRef = 4E2E3F0E1F5628B600BF0862 /* HasState.swift */; };
		7E02B16E20EC70B50088FFEB /* Deck.swift in Sources */ = {isa = PBXBuildFile; fileRef = 4E71F1EA1F4389B7002E66D3 /* Deck.swift */; };
		7E02B16F20EC70B50088FFEB /* Dice.swift in Sources */ = {isa = PBXBuildFile; fileRef = 03EE278220C70B8E00427770 /* Dice.swift */; };
		7E02B17020EC70B50088FFEB /* Hand.swift in Sources */ = {isa = PBXBuildFile; fileRef = 4E71F1E61F43891E002E66D3 /* Hand.swift */; };
		7E02B17120EC70B50088FFEB /* Graveyard.swift in Sources */ = {isa = PBXBuildFile; fileRef = 4E71F1E81F438955002E66D3 /* Graveyard.swift */; };
		7E02B17220EC70B50088FFEB /* MasterDeck.swift in Sources */ = {isa = PBXBuildFile; fileRef = 0378866F20ACA38E00B2B2E4 /* MasterDeck.swift */; };
		7E02B17320EC70B50088FFEB /* Game.swift in Sources */ = {isa = PBXBuildFile; fileRef = 4E71F1EC1F4389F0002E66D3 /* Game.swift */; };
		7E02B17420EC70B50088FFEB /* Battlefield.swift in Sources */ = {isa = PBXBuildFile; fileRef = 03D5AD4020A8C8AE001E29CE /* Battlefield.swift */; };
		7E02B17520EC70B50088FFEB /* GameError.swift in Sources */ = {isa = PBXBuildFile; fileRef = 4E71F1F81F43913E002E66D3 /* GameError.swift */; };
		7E02B17620EC70B50088FFEB /* Location.swift in Sources */ = {isa = PBXBuildFile; fileRef = 4EF3F2961F485D7A004197A8 /* Location.swift */; };
		7E02B17720EC70B50088FFEB /* Move.swift in Sources */ = {isa = PBXBuildFile; fileRef = 4E004E471F57797B00F12974 /* Move.swift */; };
		7E02B17820EC70B50088FFEB /* State.swift in Sources */ = {isa = PBXBuildFile; fileRef = 4EF3F29A1F489690004197A8 /* State.swift */; };
		7E02B17920EC70B50088FFEB /* GameResult.swift in Sources */ = {isa = PBXBuildFile; fileRef = 4E7B17831F5AFAB100D771FC /* GameResult.swift */; };
		7E02B17A20EC70C30088FFEB /* PlayingCard.swift in Sources */ = {isa = PBXBuildFile; fileRef = 4E396EB71EF3E4AB00F8696A /* PlayingCard.swift */; };
		7E02B17B20EC70C30088FFEB /* PlayerInfo.swift in Sources */ = {isa = PBXBuildFile; fileRef = 03B8994620E03E5200CBEFDC /* PlayerInfo.swift */; };
		7E02B17C20EC70C30088FFEB /* PlayingDice.swift in Sources */ = {isa = PBXBuildFile; fileRef = 036EE1E120C85E3200A768A0 /* PlayingDice.swift */; };
		7E02B17D20EC70C30088FFEB /* CurrentPlayingCard.swift in Sources */ = {isa = PBXBuildFile; fileRef = 4EF3F2981F48795D004197A8 /* CurrentPlayingCard.swift */; };
		7E02B17E20EC70C30088FFEB /* Labels.swift in Sources */ = {isa = PBXBuildFile; fileRef = 03F7197220B0A16900B70122 /* Labels.swift */; };
		7E02B17F20EC70C30088FFEB /* GameGraphics.swift in Sources */ = {isa = PBXBuildFile; fileRef = 4EE685E91F578EB80005984F /* GameGraphics.swift */; };
		7E02B18020EC70C30088FFEB /* GameGraphicsConfig.swift in Sources */ = {isa = PBXBuildFile; fileRef = 4EE685EB1F578F210005984F /* GameGraphicsConfig.swift */; };
		7E02B18120EC70C30088FFEB /* GameScene.sks in Resources */ = {isa = PBXBuildFile; fileRef = 4E71F2521F439933002E66D3 /* GameScene.sks */; };
		7E02B18220EC70C30088FFEB /* GameSceneDelegate.swift in Sources */ = {isa = PBXBuildFile; fileRef = 4E984C0D1F58D48E00FD8BD7 /* GameSceneDelegate.swift */; };
		7E02B18320EC70C30088FFEB /* GameScene.swift in Sources */ = {isa = PBXBuildFile; fileRef = 4E396E861EF3DF8600F8696A /* GameScene.swift */; };
		7E02B18420EC70C30088FFEB /* PlayingCard.swift in Sources */ = {isa = PBXBuildFile; fileRef = 4E396EB71EF3E4AB00F8696A /* PlayingCard.swift */; };
		7E02B18520EC70C30088FFEB /* PlayerInfo.swift in Sources */ = {isa = PBXBuildFile; fileRef = 03B8994620E03E5200CBEFDC /* PlayerInfo.swift */; };
		7E02B18620EC70C30088FFEB /* PlayingDice.swift in Sources */ = {isa = PBXBuildFile; fileRef = 036EE1E120C85E3200A768A0 /* PlayingDice.swift */; };
		7E02B18720EC70C30088FFEB /* CurrentPlayingCard.swift in Sources */ = {isa = PBXBuildFile; fileRef = 4EF3F2981F48795D004197A8 /* CurrentPlayingCard.swift */; };
		7E02B18820EC70C30088FFEB /* Labels.swift in Sources */ = {isa = PBXBuildFile; fileRef = 03F7197220B0A16900B70122 /* Labels.swift */; };
		7E02B18920EC70C30088FFEB /* GameGraphics.swift in Sources */ = {isa = PBXBuildFile; fileRef = 4EE685E91F578EB80005984F /* GameGraphics.swift */; };
		7E02B18A20EC70C30088FFEB /* GameGraphicsConfig.swift in Sources */ = {isa = PBXBuildFile; fileRef = 4EE685EB1F578F210005984F /* GameGraphicsConfig.swift */; };
		7E02B18B20EC70C30088FFEB /* GameScene.sks in Resources */ = {isa = PBXBuildFile; fileRef = 4E71F2521F439933002E66D3 /* GameScene.sks */; };
		7E02B18C20EC70C30088FFEB /* GameSceneDelegate.swift in Sources */ = {isa = PBXBuildFile; fileRef = 4E984C0D1F58D48E00FD8BD7 /* GameSceneDelegate.swift */; };
		7E02B18D20EC70C30088FFEB /* GameScene.swift in Sources */ = {isa = PBXBuildFile; fileRef = 4E396E861EF3DF8600F8696A /* GameScene.swift */; };
		7E02B18E20EC70CB0088FFEB /* Shuffle.swift in Sources */ = {isa = PBXBuildFile; fileRef = 4E71F1EF1F438A3C002E66D3 /* Shuffle.swift */; };
		7E02B18F20EC70CC0088FFEB /* Shuffle.swift in Sources */ = {isa = PBXBuildFile; fileRef = 4E71F1EF1F438A3C002E66D3 /* Shuffle.swift */; };
		7E02B19020EC71760088FFEB /* kittenDeck.txt in Resources */ = {isa = PBXBuildFile; fileRef = 7E7EFE3D20CC363A00338E4A /* kittenDeck.txt */; };
		7E02B19120EC71770088FFEB /* kittenDeck.txt in Resources */ = {isa = PBXBuildFile; fileRef = 7E7EFE3D20CC363A00338E4A /* kittenDeck.txt */; };
		7E02B19220EC71810088FFEB /* testDeck.txt in Resources */ = {isa = PBXBuildFile; fileRef = 039785CC20A52CA0005C2F1C /* testDeck.txt */; };
		7E02B19320EC71810088FFEB /* testDeck2.txt in Resources */ = {isa = PBXBuildFile; fileRef = 03779E2920B481C700F2DA43 /* testDeck2.txt */; };
		7E02B19420EC71810088FFEB /* GoogleService-Info.plist in Resources */ = {isa = PBXBuildFile; fileRef = 03FACC6B20CB83AE00BC8F89 /* GoogleService-Info.plist */; };
		7E02B19520EC71820088FFEB /* testDeck.txt in Resources */ = {isa = PBXBuildFile; fileRef = 039785CC20A52CA0005C2F1C /* testDeck.txt */; };
		7E02B19620EC71820088FFEB /* testDeck2.txt in Resources */ = {isa = PBXBuildFile; fileRef = 03779E2920B481C700F2DA43 /* testDeck2.txt */; };
		7E02B19720EC71820088FFEB /* GoogleService-Info.plist in Resources */ = {isa = PBXBuildFile; fileRef = 03FACC6B20CB83AE00BC8F89 /* GoogleService-Info.plist */; };
		7E02B19A20EC737C0088FFEB /* ViewControllerDelegate.swift in Sources */ = {isa = PBXBuildFile; fileRef = 4EA1E2941F6609DB0061E64D /* ViewControllerDelegate.swift */; };
		7E02B19B20EC737C0088FFEB /* ViewControllerDelegate.swift in Sources */ = {isa = PBXBuildFile; fileRef = 4EA1E2941F6609DB0061E64D /* ViewControllerDelegate.swift */; };
		7E77AA12210056DE00927E98 /* PW.otf in Resources */ = {isa = PBXBuildFile; fileRef = 7E77AA10210056DE00927E98 /* PW.otf */; };
		7E77AA13210056DE00927E98 /* PW.otf in Resources */ = {isa = PBXBuildFile; fileRef = 7E77AA10210056DE00927E98 /* PW.otf */; };
		7E77AA14210056DE00927E98 /* PW.otf in Resources */ = {isa = PBXBuildFile; fileRef = 7E77AA10210056DE00927E98 /* PW.otf */; };
		7E77AA15210056DE00927E98 /* PlanewalkerBold.otf in Resources */ = {isa = PBXBuildFile; fileRef = 7E77AA11210056DE00927E98 /* PlanewalkerBold.otf */; };
		7E77AA16210056DE00927E98 /* PlanewalkerBold.otf in Resources */ = {isa = PBXBuildFile; fileRef = 7E77AA11210056DE00927E98 /* PlanewalkerBold.otf */; };
		7E77AA17210056DE00927E98 /* PlanewalkerBold.otf in Resources */ = {isa = PBXBuildFile; fileRef = 7E77AA11210056DE00927E98 /* PlanewalkerBold.otf */; };
		7E7EFE3E20CC363B00338E4A /* kittenDeck.txt in Resources */ = {isa = PBXBuildFile; fileRef = 7E7EFE3D20CC363A00338E4A /* kittenDeck.txt */; };
		B3BACB7EA661E5EAD10864A6 /* Pods_Wizard_DuelTests.framework in Frameworks */ = {isa = PBXBuildFile; fileRef = 5D27772C1DEEFEF61388F285 /* Pods_Wizard_DuelTests.framework */; };
/* End PBXBuildFile section */

/* Begin PBXContainerItemProxy section */
		4E396E951EF3DF8600F8696A /* PBXContainerItemProxy */ = {
			isa = PBXContainerItemProxy;
			containerPortal = 4E396E751EF3DF8600F8696A /* Project object */;
			proxyType = 1;
			remoteGlobalIDString = 4E396E7C1EF3DF8600F8696A;
			remoteInfo = Freecell2;
		};
/* End PBXContainerItemProxy section */

/* Begin PBXFileReference section */
		013630CD78B883F7903F6EEF /* Pods-WizardDuel iOS.release.xcconfig */ = {isa = PBXFileReference; includeInIndex = 1; lastKnownFileType = text.xcconfig; name = "Pods-WizardDuel iOS.release.xcconfig"; path = "Pods/Target Support Files/Pods-WizardDuel iOS/Pods-WizardDuel iOS.release.xcconfig"; sourceTree = "<group>"; };
		03362DF621309D6800596D52 /* PlayerDetailsViewController.swift */ = {isa = PBXFileReference; lastKnownFileType = sourcecode.swift; path = PlayerDetailsViewController.swift; sourceTree = "<group>"; };
		0350AE2120F153BC00A86E5E /* Muldrotha.txt */ = {isa = PBXFileReference; fileEncoding = 4; lastKnownFileType = text; path = Muldrotha.txt; sourceTree = "<group>"; };
		0365695B20F7C8DC00EE9839 /* Tokens.xcassets */ = {isa = PBXFileReference; lastKnownFileType = folder.assetcatalog; path = Tokens.xcassets; sourceTree = "<group>"; };
		036EE1E120C85E3200A768A0 /* PlayingDice.swift */ = {isa = PBXFileReference; fileEncoding = 4; lastKnownFileType = sourcecode.swift; path = PlayingDice.swift; sourceTree = "<group>"; };
		03779E2920B481C700F2DA43 /* testDeck2.txt */ = {isa = PBXFileReference; fileEncoding = 4; lastKnownFileType = text; path = testDeck2.txt; sourceTree = "<group>"; };
		0377EE5720F892D600C6F94B /* tokens.txt */ = {isa = PBXFileReference; fileEncoding = 4; lastKnownFileType = text; path = tokens.txt; sourceTree = "<group>"; };
		0377EE5F20F8954E00C6F94B /* tokens.txt */ = {isa = PBXFileReference; fileEncoding = 4; lastKnownFileType = text; path = tokens.txt; sourceTree = "<group>"; };
		0378866F20ACA38E00B2B2E4 /* MasterDeck.swift */ = {isa = PBXFileReference; lastKnownFileType = sourcecode.swift; path = MasterDeck.swift; sourceTree = "<group>"; };
		039785CC20A52CA0005C2F1C /* testDeck.txt */ = {isa = PBXFileReference; fileEncoding = 4; lastKnownFileType = text; path = testDeck.txt; sourceTree = "<group>"; };
		03B66FBB2125EA7E005827ED /* Database.swift */ = {isa = PBXFileReference; lastKnownFileType = sourcecode.swift; path = Database.swift; sourceTree = "<group>"; };
		03B8994620E03E5200CBEFDC /* PlayerInfo.swift */ = {isa = PBXFileReference; lastKnownFileType = sourcecode.swift; path = PlayerInfo.swift; sourceTree = "<group>"; };
		03D5AD4020A8C8AE001E29CE /* Battlefield.swift */ = {isa = PBXFileReference; lastKnownFileType = sourcecode.swift; path = Battlefield.swift; sourceTree = "<group>"; };
		03EE278220C70B8E00427770 /* Dice.swift */ = {isa = PBXFileReference; lastKnownFileType = sourcecode.swift; path = Dice.swift; sourceTree = "<group>"; };
		03F157B120BC856D000301EB /* LoginInfo.swift */ = {isa = PBXFileReference; fileEncoding = 4; lastKnownFileType = sourcecode.swift; name = LoginInfo.swift; path = "Wizard Duel/Model/Game/LoginInfo.swift"; sourceTree = SOURCE_ROOT; };
		03F7197220B0A16900B70122 /* Labels.swift */ = {isa = PBXFileReference; lastKnownFileType = sourcecode.swift; path = Labels.swift; sourceTree = "<group>"; };
		03FACC6B20CB83AE00BC8F89 /* GoogleService-Info.plist */ = {isa = PBXFileReference; fileEncoding = 4; lastKnownFileType = text.plist.xml; path = "GoogleService-Info.plist"; sourceTree = "<group>"; };
		4E004E471F57797B00F12974 /* Move.swift */ = {isa = PBXFileReference; lastKnownFileType = sourcecode.swift; path = Move.swift; sourceTree = "<group>"; };
		4E2E3F0A1F5627A000BF0862 /* ContainsCard.swift */ = {isa = PBXFileReference; lastKnownFileType = sourcecode.swift; path = ContainsCard.swift; sourceTree = "<group>"; };
		4E2E3F0C1F56288E00BF0862 /* Resetable.swift */ = {isa = PBXFileReference; lastKnownFileType = sourcecode.swift; path = Resetable.swift; sourceTree = "<group>"; };
		4E2E3F0E1F5628B600BF0862 /* HasState.swift */ = {isa = PBXFileReference; lastKnownFileType = sourcecode.swift; path = HasState.swift; sourceTree = "<group>"; };
		4E350B9D1F489BFF0009FD4B /* README */ = {isa = PBXFileReference; fileEncoding = 4; lastKnownFileType = text; path = README; sourceTree = "<group>"; };
		4E396E7D1EF3DF8600F8696A /* Wizard Duel.app */ = {isa = PBXFileReference; explicitFileType = wrapper.application; includeInIndex = 0; path = "Wizard Duel.app"; sourceTree = BUILT_PRODUCTS_DIR; };
		4E396E801EF3DF8600F8696A /* AppDelegate.swift */ = {isa = PBXFileReference; lastKnownFileType = sourcecode.swift; path = AppDelegate.swift; sourceTree = "<group>"; };
		4E396E861EF3DF8600F8696A /* GameScene.swift */ = {isa = PBXFileReference; lastKnownFileType = sourcecode.swift; path = GameScene.swift; sourceTree = "<group>"; };
		4E396E881EF3DF8600F8696A /* ViewController.swift */ = {isa = PBXFileReference; lastKnownFileType = sourcecode.swift; path = ViewController.swift; sourceTree = "<group>"; };
		4E396E8D1EF3DF8600F8696A /* Base */ = {isa = PBXFileReference; lastKnownFileType = file.storyboard; name = Base; path = Base.lproj/Main.storyboard; sourceTree = "<group>"; };
		4E396E8F1EF3DF8600F8696A /* Info.plist */ = {isa = PBXFileReference; lastKnownFileType = text.plist.xml; path = Info.plist; sourceTree = "<group>"; };
		4E396E941EF3DF8600F8696A /* Wizard DuelTests.xctest */ = {isa = PBXFileReference; explicitFileType = wrapper.cfbundle; includeInIndex = 0; path = "Wizard DuelTests.xctest"; sourceTree = BUILT_PRODUCTS_DIR; };
		4E396E981EF3DF8600F8696A /* Freecell2Tests.swift */ = {isa = PBXFileReference; lastKnownFileType = sourcecode.swift; path = Freecell2Tests.swift; sourceTree = "<group>"; };
		4E396E9A1EF3DF8600F8696A /* Info.plist */ = {isa = PBXFileReference; lastKnownFileType = text.plist.xml; path = Info.plist; sourceTree = "<group>"; };
		4E396EB71EF3E4AB00F8696A /* PlayingCard.swift */ = {isa = PBXFileReference; fileEncoding = 4; lastKnownFileType = sourcecode.swift; path = PlayingCard.swift; sourceTree = "<group>"; };
		4E71F1E21F438893002E66D3 /* Card.swift */ = {isa = PBXFileReference; fileEncoding = 4; lastKnownFileType = sourcecode.swift; path = Card.swift; sourceTree = "<group>"; };
		4E71F1E61F43891E002E66D3 /* Hand.swift */ = {isa = PBXFileReference; fileEncoding = 4; lastKnownFileType = sourcecode.swift; path = Hand.swift; sourceTree = "<group>"; };
		4E71F1E81F438955002E66D3 /* Graveyard.swift */ = {isa = PBXFileReference; fileEncoding = 4; lastKnownFileType = sourcecode.swift; path = Graveyard.swift; sourceTree = "<group>"; };
		4E71F1EA1F4389B7002E66D3 /* Deck.swift */ = {isa = PBXFileReference; fileEncoding = 4; lastKnownFileType = sourcecode.swift; path = Deck.swift; sourceTree = "<group>"; };
		4E71F1EC1F4389F0002E66D3 /* Game.swift */ = {isa = PBXFileReference; fileEncoding = 4; lastKnownFileType = sourcecode.swift; path = Game.swift; sourceTree = "<group>"; };
		4E71F1EF1F438A3C002E66D3 /* Shuffle.swift */ = {isa = PBXFileReference; fileEncoding = 4; lastKnownFileType = sourcecode.swift; path = Shuffle.swift; sourceTree = "<group>"; };
		4E71F1F41F438AA1002E66D3 /* FoundationTests.swift */ = {isa = PBXFileReference; fileEncoding = 4; lastKnownFileType = sourcecode.swift; path = FoundationTests.swift; sourceTree = "<group>"; };
		4E71F1F61F438AEA002E66D3 /* GameTests.swift */ = {isa = PBXFileReference; fileEncoding = 4; lastKnownFileType = sourcecode.swift; path = GameTests.swift; sourceTree = "<group>"; };
		4E71F1F81F43913E002E66D3 /* GameError.swift */ = {isa = PBXFileReference; fileEncoding = 4; lastKnownFileType = sourcecode.swift; path = GameError.swift; sourceTree = "<group>"; };
		4E71F2521F439933002E66D3 /* GameScene.sks */ = {isa = PBXFileReference; lastKnownFileType = file.sks; path = GameScene.sks; sourceTree = "<group>"; };
		4E7B17831F5AFAB100D771FC /* GameResult.swift */ = {isa = PBXFileReference; lastKnownFileType = sourcecode.swift; path = GameResult.swift; sourceTree = "<group>"; };
		4E984C0D1F58D48E00FD8BD7 /* GameSceneDelegate.swift */ = {isa = PBXFileReference; lastKnownFileType = sourcecode.swift; path = GameSceneDelegate.swift; sourceTree = "<group>"; };
		4EA1E2941F6609DB0061E64D /* ViewControllerDelegate.swift */ = {isa = PBXFileReference; lastKnownFileType = sourcecode.swift; path = ViewControllerDelegate.swift; sourceTree = "<group>"; };
		4EE685E91F578EB80005984F /* GameGraphics.swift */ = {isa = PBXFileReference; lastKnownFileType = sourcecode.swift; path = GameGraphics.swift; sourceTree = "<group>"; };
		4EE685EB1F578F210005984F /* GameGraphicsConfig.swift */ = {isa = PBXFileReference; lastKnownFileType = sourcecode.swift; path = GameGraphicsConfig.swift; sourceTree = "<group>"; };
		4EF3F2901F4857F8004197A8 /* CanAddCard.swift */ = {isa = PBXFileReference; fileEncoding = 4; lastKnownFileType = sourcecode.swift; path = CanAddCard.swift; sourceTree = "<group>"; };
		4EF3F2921F4859EA004197A8 /* CascadeTests.swift */ = {isa = PBXFileReference; fileEncoding = 4; lastKnownFileType = sourcecode.swift; path = CascadeTests.swift; sourceTree = "<group>"; };
		4EF3F2941F485A7E004197A8 /* CellTests.swift */ = {isa = PBXFileReference; fileEncoding = 4; lastKnownFileType = sourcecode.swift; path = CellTests.swift; sourceTree = "<group>"; };
		4EF3F2961F485D7A004197A8 /* Location.swift */ = {isa = PBXFileReference; fileEncoding = 4; lastKnownFileType = sourcecode.swift; path = Location.swift; sourceTree = "<group>"; };
		4EF3F2981F48795D004197A8 /* CurrentPlayingCard.swift */ = {isa = PBXFileReference; fileEncoding = 4; lastKnownFileType = sourcecode.swift; path = CurrentPlayingCard.swift; sourceTree = "<group>"; };
		4EF3F29A1F489690004197A8 /* State.swift */ = {isa = PBXFileReference; fileEncoding = 4; lastKnownFileType = sourcecode.swift; path = State.swift; sourceTree = "<group>"; };
		5D27772C1DEEFEF61388F285 /* Pods_Wizard_DuelTests.framework */ = {isa = PBXFileReference; explicitFileType = wrapper.framework; includeInIndex = 0; path = Pods_Wizard_DuelTests.framework; sourceTree = BUILT_PRODUCTS_DIR; };
		6D921A094D43A8909B949205 /* Pods-WizardDuel iOS.debug.xcconfig */ = {isa = PBXFileReference; includeInIndex = 1; lastKnownFileType = text.xcconfig; name = "Pods-WizardDuel iOS.debug.xcconfig"; path = "Pods/Target Support Files/Pods-WizardDuel iOS/Pods-WizardDuel iOS.debug.xcconfig"; sourceTree = "<group>"; };
		7B296579AB4DD3196F15D8F0 /* Pods-WizardDuel macOS.release.xcconfig */ = {isa = PBXFileReference; includeInIndex = 1; lastKnownFileType = text.xcconfig; name = "Pods-WizardDuel macOS.release.xcconfig"; path = "Pods/Target Support Files/Pods-WizardDuel macOS/Pods-WizardDuel macOS.release.xcconfig"; sourceTree = "<group>"; };
		7E02B12420EC6FF90088FFEB /* Assets.xcassets */ = {isa = PBXFileReference; lastKnownFileType = folder.assetcatalog; path = Assets.xcassets; sourceTree = "<group>"; };
		7E02B12920EC6FF90088FFEB /* WizardDuel.app */ = {isa = PBXFileReference; explicitFileType = wrapper.application; includeInIndex = 0; path = WizardDuel.app; sourceTree = BUILT_PRODUCTS_DIR; };
		7E02B12B20EC6FF90088FFEB /* AppDelegate.swift */ = {isa = PBXFileReference; lastKnownFileType = sourcecode.swift; path = AppDelegate.swift; sourceTree = "<group>"; };
		7E02B12D20EC6FF90088FFEB /* GameViewController.swift */ = {isa = PBXFileReference; lastKnownFileType = sourcecode.swift; path = GameViewController.swift; sourceTree = "<group>"; };
		7E02B13020EC6FF90088FFEB /* Base */ = {isa = PBXFileReference; lastKnownFileType = file.storyboard; name = Base; path = Base.lproj/Main.storyboard; sourceTree = "<group>"; };
		7E02B13320EC6FF90088FFEB /* Base */ = {isa = PBXFileReference; lastKnownFileType = file.storyboard; name = Base; path = Base.lproj/LaunchScreen.storyboard; sourceTree = "<group>"; };
		7E02B13520EC6FF90088FFEB /* Info.plist */ = {isa = PBXFileReference; lastKnownFileType = text.plist.xml; path = Info.plist; sourceTree = "<group>"; };
		7E02B13A20EC6FF90088FFEB /* WizardDuel.app */ = {isa = PBXFileReference; explicitFileType = wrapper.application; includeInIndex = 0; path = WizardDuel.app; sourceTree = BUILT_PRODUCTS_DIR; };
		7E02B19C20EC73E60088FFEB /* Info.plist */ = {isa = PBXFileReference; lastKnownFileType = text.plist.xml; path = Info.plist; sourceTree = "<group>"; };
		7E77AA10210056DE00927E98 /* PW.otf */ = {isa = PBXFileReference; lastKnownFileType = file; name = PW.otf; path = Fonts/PW.otf; sourceTree = "<group>"; };
		7E77AA11210056DE00927E98 /* PlanewalkerBold.otf */ = {isa = PBXFileReference; lastKnownFileType = file; name = PlanewalkerBold.otf; path = Fonts/PlanewalkerBold.otf; sourceTree = "<group>"; };
		7E7EFE3D20CC363A00338E4A /* kittenDeck.txt */ = {isa = PBXFileReference; fileEncoding = 4; lastKnownFileType = text; path = kittenDeck.txt; sourceTree = "<group>"; };
		815E421A264786F281579619 /* libPods-WizardDuel iOS.a */ = {isa = PBXFileReference; explicitFileType = archive.ar; includeInIndex = 0; path = "libPods-WizardDuel iOS.a"; sourceTree = BUILT_PRODUCTS_DIR; };
		8BF272E29E9CDB86E62DE151 /* Pods_WizardDuel_macOS.framework */ = {isa = PBXFileReference; explicitFileType = wrapper.framework; includeInIndex = 0; path = Pods_WizardDuel_macOS.framework; sourceTree = BUILT_PRODUCTS_DIR; };
		94A65812CEDF7BF3EDC08661 /* Pods-Wizard DuelTests.debug.xcconfig */ = {isa = PBXFileReference; includeInIndex = 1; lastKnownFileType = text.xcconfig; name = "Pods-Wizard DuelTests.debug.xcconfig"; path = "Pods/Target Support Files/Pods-Wizard DuelTests/Pods-Wizard DuelTests.debug.xcconfig"; sourceTree = "<group>"; };
		E11886FA98E8A00D9A2456E6 /* Pods-Wizard DuelTests.release.xcconfig */ = {isa = PBXFileReference; includeInIndex = 1; lastKnownFileType = text.xcconfig; name = "Pods-Wizard DuelTests.release.xcconfig"; path = "Pods/Target Support Files/Pods-Wizard DuelTests/Pods-Wizard DuelTests.release.xcconfig"; sourceTree = "<group>"; };
		E9B1CFC8BF9AA4A32CDF88A8 /* Pods_Wizard_Duel.framework */ = {isa = PBXFileReference; explicitFileType = wrapper.framework; includeInIndex = 0; path = Pods_Wizard_Duel.framework; sourceTree = BUILT_PRODUCTS_DIR; };
		EA35FAFB0EDA30E622F135DF /* Pods-WizardDuel macOS.debug.xcconfig */ = {isa = PBXFileReference; includeInIndex = 1; lastKnownFileType = text.xcconfig; name = "Pods-WizardDuel macOS.debug.xcconfig"; path = "Pods/Target Support Files/Pods-WizardDuel macOS/Pods-WizardDuel macOS.debug.xcconfig"; sourceTree = "<group>"; };
/* End PBXFileReference section */

/* Begin PBXFrameworksBuildPhase section */
		4E396E7A1EF3DF8600F8696A /* Frameworks */ = {
			isa = PBXFrameworksBuildPhase;
			buildActionMask = 2147483647;
			files = (
			);
			runOnlyForDeploymentPostprocessing = 0;
		};
		4E396E911EF3DF8600F8696A /* Frameworks */ = {
			isa = PBXFrameworksBuildPhase;
			buildActionMask = 2147483647;
			files = (
				B3BACB7EA661E5EAD10864A6 /* Pods_Wizard_DuelTests.framework in Frameworks */,
			);
			runOnlyForDeploymentPostprocessing = 0;
		};
		7E02B12620EC6FF90088FFEB /* Frameworks */ = {
			isa = PBXFrameworksBuildPhase;
			buildActionMask = 2147483647;
			files = (
				0B153C4E8F87D063960FBF7F /* libPods-WizardDuel iOS.a in Frameworks */,
			);
			runOnlyForDeploymentPostprocessing = 0;
		};
		7E02B13720EC6FF90088FFEB /* Frameworks */ = {
			isa = PBXFrameworksBuildPhase;
			buildActionMask = 2147483647;
			files = (
				0038551424A33936C40C4A8E /* Pods_WizardDuel_macOS.framework in Frameworks */,
			);
			runOnlyForDeploymentPostprocessing = 0;
		};
/* End PBXFrameworksBuildPhase section */

/* Begin PBXGroup section */
		4C5ED64C41C2BB81BD56A89B /* Frameworks */ = {
			isa = PBXGroup;
			children = (
				E9B1CFC8BF9AA4A32CDF88A8 /* Pods_Wizard_Duel.framework */,
				5D27772C1DEEFEF61388F285 /* Pods_Wizard_DuelTests.framework */,
				8BF272E29E9CDB86E62DE151 /* Pods_WizardDuel_macOS.framework */,
				815E421A264786F281579619 /* libPods-WizardDuel iOS.a */,
			);
			name = Frameworks;
			sourceTree = "<group>";
		};
		4E2E3F091F56266700BF0862 /* Scenes */ = {
			isa = PBXGroup;
			children = (
				4E396EB41EF3E39400F8696A /* Objects */,
				4E984C0D1F58D48E00FD8BD7 /* GameSceneDelegate.swift */,
				4E396E861EF3DF8600F8696A /* GameScene.swift */,
				03B66FBB2125EA7E005827ED /* Database.swift */,
				4E71F2521F439933002E66D3 /* GameScene.sks */,
			);
			path = Scenes;
			sourceTree = "<group>";
		};
		4E396E741EF3DF8600F8696A = {
			isa = PBXGroup;
			children = (
				4E350B9D1F489BFF0009FD4B /* README */,
				4E396E7F1EF3DF8600F8696A /* FreeCell2 */,
				4E396E971EF3DF8600F8696A /* Freecell2Tests */,
				7E02B12020EC6FF80088FFEB /* WizardDuel Shared */,
				7E02B12A20EC6FF90088FFEB /* WizardDuel iOS */,
				7E02B13B20EC6FF90088FFEB /* WizardDuel macOS */,
				0365695B20F7C8DC00EE9839 /* Tokens.xcassets */,
				4E396E7E1EF3DF8600F8696A /* Products */,
				D1BF0367E655FD99886F6EA7 /* Pods */,
				4C5ED64C41C2BB81BD56A89B /* Frameworks */,
			);
			sourceTree = "<group>";
		};
		4E396E7E1EF3DF8600F8696A /* Products */ = {
			isa = PBXGroup;
			children = (
				4E396E7D1EF3DF8600F8696A /* Wizard Duel.app */,
				4E396E941EF3DF8600F8696A /* Wizard DuelTests.xctest */,
				7E02B12920EC6FF90088FFEB /* WizardDuel.app */,
				7E02B13A20EC6FF90088FFEB /* WizardDuel.app */,
			);
			name = Products;
			sourceTree = "<group>";
		};
		4E396E7F1EF3DF8600F8696A /* FreeCell2 */ = {
			isa = PBXGroup;
			children = (
				4E71F1DB1F438830002E66D3 /* Model */,
				4E2E3F091F56266700BF0862 /* Scenes */,
				4E71F1EE1F438A27002E66D3 /* Utils */,
				4EA1E2931F66006C0061E64D /* ViewControllers */,
				4E396E801EF3DF8600F8696A /* AppDelegate.swift */,
				4E396E8F1EF3DF8600F8696A /* Info.plist */,
				0377EE5720F892D600C6F94B /* tokens.txt */,
				0350AE2120F153BC00A86E5E /* Muldrotha.txt */,
				0377EE5F20F8954E00C6F94B /* tokens.txt */,
				7E7EFE3D20CC363A00338E4A /* kittenDeck.txt */,
				039785CC20A52CA0005C2F1C /* testDeck.txt */,
				03779E2920B481C700F2DA43 /* testDeck2.txt */,
				03FACC6B20CB83AE00BC8F89 /* GoogleService-Info.plist */,
			);
			name = FreeCell2;
			path = "Wizard Duel";
			sourceTree = "<group>";
		};
		4E396E971EF3DF8600F8696A /* Freecell2Tests */ = {
			isa = PBXGroup;
			children = (
				4E71F1F11F438A65002E66D3 /* Model */,
				4E396E981EF3DF8600F8696A /* Freecell2Tests.swift */,
				4E396E9A1EF3DF8600F8696A /* Info.plist */,
			);
			path = Freecell2Tests;
			sourceTree = "<group>";
		};
		4E396EB41EF3E39400F8696A /* Objects */ = {
			isa = PBXGroup;
			children = (
				4E396EB71EF3E4AB00F8696A /* PlayingCard.swift */,
				03B8994620E03E5200CBEFDC /* PlayerInfo.swift */,
				036EE1E120C85E3200A768A0 /* PlayingDice.swift */,
				4EF3F2981F48795D004197A8 /* CurrentPlayingCard.swift */,
				03F7197220B0A16900B70122 /* Labels.swift */,
				4EE685E91F578EB80005984F /* GameGraphics.swift */,
				4EE685EB1F578F210005984F /* GameGraphicsConfig.swift */,
			);
			path = Objects;
			sourceTree = "<group>";
		};
		4E71F1DB1F438830002E66D3 /* Model */ = {
			isa = PBXGroup;
			children = (
				4E71F1E41F4388AB002E66D3 /* Deck */,
				4E71F1E51F4388B8002E66D3 /* Game */,
			);
			path = Model;
			sourceTree = "<group>";
		};
		4E71F1E41F4388AB002E66D3 /* Deck */ = {
			isa = PBXGroup;
			children = (
				4E71F1E21F438893002E66D3 /* Card.swift */,
			);
			path = Deck;
			sourceTree = "<group>";
		};
		4E71F1E51F4388B8002E66D3 /* Game */ = {
			isa = PBXGroup;
			children = (
				4EF3F28F1F4857D4004197A8 /* Protocols */,
				4E71F1EA1F4389B7002E66D3 /* Deck.swift */,
				03EE278220C70B8E00427770 /* Dice.swift */,
				4E71F1E61F43891E002E66D3 /* Hand.swift */,
				4E71F1E81F438955002E66D3 /* Graveyard.swift */,
				0378866F20ACA38E00B2B2E4 /* MasterDeck.swift */,
				4E71F1EC1F4389F0002E66D3 /* Game.swift */,
				03D5AD4020A8C8AE001E29CE /* Battlefield.swift */,
				4E71F1F81F43913E002E66D3 /* GameError.swift */,
				4EF3F2961F485D7A004197A8 /* Location.swift */,
				4E004E471F57797B00F12974 /* Move.swift */,
				4EF3F29A1F489690004197A8 /* State.swift */,
				4E7B17831F5AFAB100D771FC /* GameResult.swift */,
			);
			path = Game;
			sourceTree = "<group>";
		};
		4E71F1EE1F438A27002E66D3 /* Utils */ = {
			isa = PBXGroup;
			children = (
				4E71F1EF1F438A3C002E66D3 /* Shuffle.swift */,
			);
			path = Utils;
			sourceTree = "<group>";
		};
		4E71F1F11F438A65002E66D3 /* Model */ = {
			isa = PBXGroup;
			children = (
				4E71F1F21F438A77002E66D3 /* Game */,
			);
			path = Model;
			sourceTree = "<group>";
		};
		4E71F1F21F438A77002E66D3 /* Game */ = {
			isa = PBXGroup;
			children = (
				4E71F1F41F438AA1002E66D3 /* FoundationTests.swift */,
				4E71F1F61F438AEA002E66D3 /* GameTests.swift */,
				4EF3F2921F4859EA004197A8 /* CascadeTests.swift */,
				4EF3F2941F485A7E004197A8 /* CellTests.swift */,
			);
			path = Game;
			sourceTree = "<group>";
		};
		4EA1E2931F66006C0061E64D /* ViewControllers */ = {
			isa = PBXGroup;
			children = (
				4E396E881EF3DF8600F8696A /* ViewController.swift */,
				4EA1E2941F6609DB0061E64D /* ViewControllerDelegate.swift */,
			);
			path = ViewControllers;
			sourceTree = "<group>";
		};
		4EF3F28F1F4857D4004197A8 /* Protocols */ = {
			isa = PBXGroup;
			children = (
				03F157B120BC856D000301EB /* LoginInfo.swift */,
				4EF3F2901F4857F8004197A8 /* CanAddCard.swift */,
				4E2E3F0A1F5627A000BF0862 /* ContainsCard.swift */,
				4E2E3F0C1F56288E00BF0862 /* Resetable.swift */,
				4E2E3F0E1F5628B600BF0862 /* HasState.swift */,
			);
			path = Protocols;
			sourceTree = "<group>";
		};
		7E02B12020EC6FF80088FFEB /* WizardDuel Shared */ = {
			isa = PBXGroup;
			children = (
				7E02B12420EC6FF90088FFEB /* Assets.xcassets */,
				7E77AA11210056DE00927E98 /* PlanewalkerBold.otf */,
				7E77AA10210056DE00927E98 /* PW.otf */,
			);
			path = "WizardDuel Shared";
			sourceTree = "<group>";
		};
		7E02B12A20EC6FF90088FFEB /* WizardDuel iOS */ = {
			isa = PBXGroup;
			children = (
				7E02B12B20EC6FF90088FFEB /* AppDelegate.swift */,
				7E02B12D20EC6FF90088FFEB /* GameViewController.swift */,
				03362DF621309D6800596D52 /* PlayerDetailsViewController.swift */,
				7E02B12F20EC6FF90088FFEB /* Main.storyboard */,
				7E02B13220EC6FF90088FFEB /* LaunchScreen.storyboard */,
				7E02B13520EC6FF90088FFEB /* Info.plist */,
			);
			path = "WizardDuel iOS";
			sourceTree = "<group>";
		};
		7E02B13B20EC6FF90088FFEB /* WizardDuel macOS */ = {
			isa = PBXGroup;
			children = (
				7E02B19C20EC73E60088FFEB /* Info.plist */,
				4E396E8C1EF3DF8600F8696A /* Main.storyboard */,
			);
			path = "WizardDuel macOS";
			sourceTree = "<group>";
		};
		D1BF0367E655FD99886F6EA7 /* Pods */ = {
			isa = PBXGroup;
			children = (
				94A65812CEDF7BF3EDC08661 /* Pods-Wizard DuelTests.debug.xcconfig */,
				E11886FA98E8A00D9A2456E6 /* Pods-Wizard DuelTests.release.xcconfig */,
				EA35FAFB0EDA30E622F135DF /* Pods-WizardDuel macOS.debug.xcconfig */,
				7B296579AB4DD3196F15D8F0 /* Pods-WizardDuel macOS.release.xcconfig */,
				6D921A094D43A8909B949205 /* Pods-WizardDuel iOS.debug.xcconfig */,
				013630CD78B883F7903F6EEF /* Pods-WizardDuel iOS.release.xcconfig */,
			);
			name = Pods;
			sourceTree = "<group>";
		};
/* End PBXGroup section */

/* Begin PBXNativeTarget section */
		4E396E7C1EF3DF8600F8696A /* Wizard Duel */ = {
			isa = PBXNativeTarget;
			buildConfigurationList = 4E396E9D1EF3DF8700F8696A /* Build configuration list for PBXNativeTarget "Wizard Duel" */;
			buildPhases = (
				4E396E791EF3DF8600F8696A /* Sources */,
				4E396E7A1EF3DF8600F8696A /* Frameworks */,
				4E396E7B1EF3DF8600F8696A /* Resources */,
				7ED1E33A20D4461700BC762B /* Copy Card Images */,
			);
			buildRules = (
			);
			dependencies = (
			);
			name = "Wizard Duel";
			productName = Freecell2;
			productReference = 4E396E7D1EF3DF8600F8696A /* Wizard Duel.app */;
			productType = "com.apple.product-type.application";
		};
		4E396E931EF3DF8600F8696A /* Wizard DuelTests */ = {
			isa = PBXNativeTarget;
			buildConfigurationList = 4E396EA01EF3DF8700F8696A /* Build configuration list for PBXNativeTarget "Wizard DuelTests" */;
			buildPhases = (
				26053E8CE0DC45CBB96B6652 /* [CP] Check Pods Manifest.lock */,
				4E396E901EF3DF8600F8696A /* Sources */,
				4E396E911EF3DF8600F8696A /* Frameworks */,
				4E396E921EF3DF8600F8696A /* Resources */,
			);
			buildRules = (
			);
			dependencies = (
				4E396E961EF3DF8600F8696A /* PBXTargetDependency */,
			);
			name = "Wizard DuelTests";
			productName = Freecell2Tests;
			productReference = 4E396E941EF3DF8600F8696A /* Wizard DuelTests.xctest */;
			productType = "com.apple.product-type.bundle.unit-test";
		};
		7E02B12820EC6FF90088FFEB /* WizardDuel iOS */ = {
			isa = PBXNativeTarget;
			buildConfigurationList = 7E02B15020EC6FF90088FFEB /* Build configuration list for PBXNativeTarget "WizardDuel iOS" */;
			buildPhases = (
				0C9A62A25CE1A99C307E093D /* [CP] Check Pods Manifest.lock */,
				7E02B12520EC6FF90088FFEB /* Sources */,
				7E02B12620EC6FF90088FFEB /* Frameworks */,
				7E02B12720EC6FF90088FFEB /* Resources */,
				0329664E20EC8F7300E57446 /* Copy Card Images */,
			);
			buildRules = (
			);
			dependencies = (
			);
			name = "WizardDuel iOS";
			productName = "WizardDuel iOS";
			productReference = 7E02B12920EC6FF90088FFEB /* WizardDuel.app */;
			productType = "com.apple.product-type.application";
		};
		7E02B13920EC6FF90088FFEB /* WizardDuel macOS */ = {
			isa = PBXNativeTarget;
			buildConfigurationList = 7E02B15120EC6FF90088FFEB /* Build configuration list for PBXNativeTarget "WizardDuel macOS" */;
			buildPhases = (
				4C67581F511A3E9CCDCE3266 /* [CP] Check Pods Manifest.lock */,
				7E02B13620EC6FF90088FFEB /* Sources */,
				7E02B13720EC6FF90088FFEB /* Frameworks */,
				7E02B13820EC6FF90088FFEB /* Resources */,
				7E02B19920EC72220088FFEB /* Copy Card Images */,
			);
			buildRules = (
			);
			dependencies = (
			);
			name = "WizardDuel macOS";
			productName = "WizardDuel macOS";
			productReference = 7E02B13A20EC6FF90088FFEB /* WizardDuel.app */;
			productType = "com.apple.product-type.application";
		};
/* End PBXNativeTarget section */

/* Begin PBXProject section */
		4E396E751EF3DF8600F8696A /* Project object */ = {
			isa = PBXProject;
			attributes = {
				LastSwiftUpdateCheck = 0940;
				LastUpgradeCheck = 0940;
				ORGANIZATIONNAME = "Gary Kerr";
				TargetAttributes = {
					4E396E7C1EF3DF8600F8696A = {
						CreatedOnToolsVersion = 8.3.2;
						DevelopmentTeam = QD694Y7TZY;
						LastSwiftMigration = 0900;
						ProvisioningStyle = Manual;
					};
					4E396E931EF3DF8600F8696A = {
						CreatedOnToolsVersion = 8.3.2;
						DevelopmentTeam = T59AZ797LW;
						LastSwiftMigration = 0900;
						ProvisioningStyle = Automatic;
						TestTargetID = 4E396E7C1EF3DF8600F8696A;
					};
					7E02B12820EC6FF90088FFEB = {
						CreatedOnToolsVersion = 9.4.1;
						DevelopmentTeam = QD694Y7TZY;
						ProvisioningStyle = Automatic;
					};
					7E02B13920EC6FF90088FFEB = {
						CreatedOnToolsVersion = 9.4.1;
						DevelopmentTeam = QD694Y7TZY;
						ProvisioningStyle = Manual;
					};
				};
			};
			buildConfigurationList = 4E396E781EF3DF8600F8696A /* Build configuration list for PBXProject "WizardDuel" */;
			compatibilityVersion = "Xcode 3.2";
			developmentRegion = English;
			hasScannedForEncodings = 0;
			knownRegions = (
				en,
				Base,
			);
			mainGroup = 4E396E741EF3DF8600F8696A;
			productRefGroup = 4E396E7E1EF3DF8600F8696A /* Products */;
			projectDirPath = "";
			projectRoot = "";
			targets = (
				4E396E7C1EF3DF8600F8696A /* Wizard Duel */,
				4E396E931EF3DF8600F8696A /* Wizard DuelTests */,
				7E02B12820EC6FF90088FFEB /* WizardDuel iOS */,
				7E02B13920EC6FF90088FFEB /* WizardDuel macOS */,
			);
		};
/* End PBXProject section */

/* Begin PBXResourcesBuildPhase section */
		4E396E7B1EF3DF8600F8696A /* Resources */ = {
			isa = PBXResourcesBuildPhase;
			buildActionMask = 2147483647;
			files = (
				0365695C20F7C8DC00EE9839 /* Tokens.xcassets in Resources */,
				0350AE2220F153BC00A86E5E /* Muldrotha.txt in Resources */,
				4E350B9E1F489BFF0009FD4B /* README in Resources */,
				7E77AA15210056DE00927E98 /* PlanewalkerBold.otf in Resources */,
				03779E2A20B481C800F2DA43 /* testDeck2.txt in Resources */,
				0377EE5820F892D600C6F94B /* tokens.txt in Resources */,
				4E396E8E1EF3DF8600F8696A /* Main.storyboard in Resources */,
				039785CD20A52CA0005C2F1C /* testDeck.txt in Resources */,
				7E77AA12210056DE00927E98 /* PW.otf in Resources */,
				7E7EFE3E20CC363B00338E4A /* kittenDeck.txt in Resources */,
				03FACC6C20CB83AE00BC8F89 /* GoogleService-Info.plist in Resources */,
				4E71F2531F439933002E66D3 /* GameScene.sks in Resources */,
			);
			runOnlyForDeploymentPostprocessing = 0;
		};
		4E396E921EF3DF8600F8696A /* Resources */ = {
			isa = PBXResourcesBuildPhase;
			buildActionMask = 2147483647;
			files = (
			);
			runOnlyForDeploymentPostprocessing = 0;
		};
		7E02B12720EC6FF90088FFEB /* Resources */ = {
			isa = PBXResourcesBuildPhase;
			buildActionMask = 2147483647;
			files = (
				7E77AA13210056DE00927E98 /* PW.otf in Resources */,
				7E77AA16210056DE00927E98 /* PlanewalkerBold.otf in Resources */,
				0365695D20F7C8DC00EE9839 /* Tokens.xcassets in Resources */,
				0350AE2320F153BC00A86E5E /* Muldrotha.txt in Resources */,
				7E02B19220EC71810088FFEB /* testDeck.txt in Resources */,
				7E02B13120EC6FF90088FFEB /* Main.storyboard in Resources */,
				0377EE5920F892D600C6F94B /* tokens.txt in Resources */,
				7E02B19020EC71760088FFEB /* kittenDeck.txt in Resources */,
				7E02B19320EC71810088FFEB /* testDeck2.txt in Resources */,
				7E02B13420EC6FF90088FFEB /* LaunchScreen.storyboard in Resources */,
				7E02B19420EC71810088FFEB /* GoogleService-Info.plist in Resources */,
				7E02B18120EC70C30088FFEB /* GameScene.sks in Resources */,
				7E02B14A20EC6FF90088FFEB /* Assets.xcassets in Resources */,
			);
			runOnlyForDeploymentPostprocessing = 0;
		};
		7E02B13820EC6FF90088FFEB /* Resources */ = {
			isa = PBXResourcesBuildPhase;
			buildActionMask = 2147483647;
			files = (
				7E02B15220EC702D0088FFEB /* Main.storyboard in Resources */,
				0350AE2420F153BC00A86E5E /* Muldrotha.txt in Resources */,
				7E02B19520EC71820088FFEB /* testDeck.txt in Resources */,
				0377EE5A20F892D600C6F94B /* tokens.txt in Resources */,
				7E02B19120EC71770088FFEB /* kittenDeck.txt in Resources */,
				0365695E20F7C8DC00EE9839 /* Tokens.xcassets in Resources */,
				7E02B19620EC71820088FFEB /* testDeck2.txt in Resources */,
				7E77AA14210056DE00927E98 /* PW.otf in Resources */,
				7E02B14B20EC6FF90088FFEB /* Assets.xcassets in Resources */,
				7E02B15320EC703C0088FFEB /* Info.plist in Resources */,
				7E02B19720EC71820088FFEB /* GoogleService-Info.plist in Resources */,
				7E77AA17210056DE00927E98 /* PlanewalkerBold.otf in Resources */,
				7E02B18B20EC70C30088FFEB /* GameScene.sks in Resources */,
			);
			runOnlyForDeploymentPostprocessing = 0;
		};
/* End PBXResourcesBuildPhase section */

/* Begin PBXShellScriptBuildPhase section */
		0329664E20EC8F7300E57446 /* Copy Card Images */ = {
			isa = PBXShellScriptBuildPhase;
			buildActionMask = 12;
			files = (
			);
			inputPaths = (
			);
			name = "Copy Card Images";
			outputPaths = (
			);
			runOnlyForDeploymentPostprocessing = 0;
			shellPath = /bin/sh;
			shellScript = "#!/bin/sh\n\nset -e\n\necho \"$SRCROOT\"\nrsync -r \"$SRCROOT/Wizard Duel/Content/\" \"$TARGET_BUILD_DIR/$UNLOCALIZED_RESOURCES_FOLDER_PATH\"";
			showEnvVarsInLog = 0;
		};
		0C9A62A25CE1A99C307E093D /* [CP] Check Pods Manifest.lock */ = {
			isa = PBXShellScriptBuildPhase;
			buildActionMask = 2147483647;
			files = (
			);
			inputPaths = (
				"${PODS_PODFILE_DIR_PATH}/Podfile.lock",
				"${PODS_ROOT}/Manifest.lock",
			);
			name = "[CP] Check Pods Manifest.lock";
			outputPaths = (
				"$(DERIVED_FILE_DIR)/Pods-WizardDuel iOS-checkManifestLockResult.txt",
			);
			runOnlyForDeploymentPostprocessing = 0;
			shellPath = /bin/sh;
			shellScript = "diff \"${PODS_PODFILE_DIR_PATH}/Podfile.lock\" \"${PODS_ROOT}/Manifest.lock\" > /dev/null\nif [ $? != 0 ] ; then\n    # print error to STDERR\n    echo \"error: The sandbox is not in sync with the Podfile.lock. Run 'pod install' or update your CocoaPods installation.\" >&2\n    exit 1\nfi\n# This output is used by Xcode 'outputs' to avoid re-running this script phase.\necho \"SUCCESS\" > \"${SCRIPT_OUTPUT_FILE_0}\"\n";
			showEnvVarsInLog = 0;
		};
		26053E8CE0DC45CBB96B6652 /* [CP] Check Pods Manifest.lock */ = {
			isa = PBXShellScriptBuildPhase;
			buildActionMask = 2147483647;
			files = (
			);
			inputPaths = (
				"${PODS_PODFILE_DIR_PATH}/Podfile.lock",
				"${PODS_ROOT}/Manifest.lock",
			);
			name = "[CP] Check Pods Manifest.lock";
			outputPaths = (
				"$(DERIVED_FILE_DIR)/Pods-Wizard DuelTests-checkManifestLockResult.txt",
			);
			runOnlyForDeploymentPostprocessing = 0;
			shellPath = /bin/sh;
			shellScript = "diff \"${PODS_PODFILE_DIR_PATH}/Podfile.lock\" \"${PODS_ROOT}/Manifest.lock\" > /dev/null\nif [ $? != 0 ] ; then\n    # print error to STDERR\n    echo \"error: The sandbox is not in sync with the Podfile.lock. Run 'pod install' or update your CocoaPods installation.\" >&2\n    exit 1\nfi\n# This output is used by Xcode 'outputs' to avoid re-running this script phase.\necho \"SUCCESS\" > \"${SCRIPT_OUTPUT_FILE_0}\"\n";
			showEnvVarsInLog = 0;
		};
		4C67581F511A3E9CCDCE3266 /* [CP] Check Pods Manifest.lock */ = {
			isa = PBXShellScriptBuildPhase;
			buildActionMask = 2147483647;
			files = (
			);
			inputPaths = (
				"${PODS_PODFILE_DIR_PATH}/Podfile.lock",
				"${PODS_ROOT}/Manifest.lock",
			);
			name = "[CP] Check Pods Manifest.lock";
			outputPaths = (
				"$(DERIVED_FILE_DIR)/Pods-WizardDuel macOS-checkManifestLockResult.txt",
			);
			runOnlyForDeploymentPostprocessing = 0;
			shellPath = /bin/sh;
			shellScript = "diff \"${PODS_PODFILE_DIR_PATH}/Podfile.lock\" \"${PODS_ROOT}/Manifest.lock\" > /dev/null\nif [ $? != 0 ] ; then\n    # print error to STDERR\n    echo \"error: The sandbox is not in sync with the Podfile.lock. Run 'pod install' or update your CocoaPods installation.\" >&2\n    exit 1\nfi\n# This output is used by Xcode 'outputs' to avoid re-running this script phase.\necho \"SUCCESS\" > \"${SCRIPT_OUTPUT_FILE_0}\"\n";
			showEnvVarsInLog = 0;
		};
		7E02B19920EC72220088FFEB /* Copy Card Images */ = {
			isa = PBXShellScriptBuildPhase;
			buildActionMask = 8;
			files = (
			);
			inputPaths = (
			);
			name = "Copy Card Images";
			outputPaths = (
			);
			runOnlyForDeploymentPostprocessing = 1;
			shellPath = /bin/sh;
			shellScript = "#!/bin/sh\n\nset -e\n\necho \"$SRCROOT\"\nrsync -r \"$SRCROOT/Wizard Duel/Content/\" \"$TARGET_BUILD_DIR/$UNLOCALIZED_RESOURCES_FOLDER_PATH\"\n";
			showEnvVarsInLog = 0;
		};
		7ED1E33A20D4461700BC762B /* Copy Card Images */ = {
			isa = PBXShellScriptBuildPhase;
			buildActionMask = 8;
			files = (
			);
			inputPaths = (
			);
			name = "Copy Card Images";
			outputPaths = (
			);
			runOnlyForDeploymentPostprocessing = 1;
			shellPath = /bin/sh;
			shellScript = "#!/bin/sh\n\nset -e\n\necho \"$SRCROOT\"\nrsync -r \"$SRCROOT/Wizard Duel/Content/\" \"$TARGET_BUILD_DIR/$UNLOCALIZED_RESOURCES_FOLDER_PATH\"\n";
			showEnvVarsInLog = 0;
		};
/* End PBXShellScriptBuildPhase section */

/* Begin PBXSourcesBuildPhase section */
		4E396E791EF3DF8600F8696A /* Sources */ = {
			isa = PBXSourcesBuildPhase;
			buildActionMask = 2147483647;
			files = (
				4E396E891EF3DF8600F8696A /* ViewController.swift in Sources */,
				0378867020ACA38E00B2B2E4 /* MasterDeck.swift in Sources */,
				4E71F1F01F438A3C002E66D3 /* Shuffle.swift in Sources */,
				4EF3F2971F485D7A004197A8 /* Location.swift in Sources */,
				4E71F1F91F43913E002E66D3 /* GameError.swift in Sources */,
				4EF3F29B1F489690004197A8 /* State.swift in Sources */,
				4E2E3F0F1F5628B600BF0862 /* HasState.swift in Sources */,
				4E2E3F0B1F5627A000BF0862 /* ContainsCard.swift in Sources */,
				4EA1E2951F6609DB0061E64D /* ViewControllerDelegate.swift in Sources */,
				4E71F1EB1F4389B7002E66D3 /* Deck.swift in Sources */,
				03D5AD4120A8C8AE001E29CE /* Battlefield.swift in Sources */,
				4EE685EC1F578F210005984F /* GameGraphicsConfig.swift in Sources */,
				4E004E481F57797B00F12974 /* Move.swift in Sources */,
				4E396E871EF3DF8600F8696A /* GameScene.swift in Sources */,
				036EE1E220C85E3200A768A0 /* PlayingDice.swift in Sources */,
				4E71F1E71F43891E002E66D3 /* Hand.swift in Sources */,
				4EE685EA1F578EB80005984F /* GameGraphics.swift in Sources */,
				4E71F1ED1F4389F0002E66D3 /* Game.swift in Sources */,
				4E984C0E1F58D48E00FD8BD7 /* GameSceneDelegate.swift in Sources */,
				4EF3F2911F4857F8004197A8 /* CanAddCard.swift in Sources */,
				03EE278320C70B8E00427770 /* Dice.swift in Sources */,
				4E396E811EF3DF8600F8696A /* AppDelegate.swift in Sources */,
				4E71F1E91F438955002E66D3 /* Graveyard.swift in Sources */,
				03B8994720E03E5200CBEFDC /* PlayerInfo.swift in Sources */,
				4E2E3F0D1F56288E00BF0862 /* Resetable.swift in Sources */,
				4E7B17841F5AFAB100D771FC /* GameResult.swift in Sources */,
				0303327720A6026E00C7594B /* PlayingCard.swift in Sources */,
				4EF3F2991F48795D004197A8 /* CurrentPlayingCard.swift in Sources */,
				03F7197320B0A16900B70122 /* Labels.swift in Sources */,
				4E71F1E31F438893002E66D3 /* Card.swift in Sources */,
				03B66FBC2125EA7E005827ED /* Database.swift in Sources */,
				03F157B220BC856D000301EB /* LoginInfo.swift in Sources */,
			);
			runOnlyForDeploymentPostprocessing = 0;
		};
		4E396E901EF3DF8600F8696A /* Sources */ = {
			isa = PBXSourcesBuildPhase;
			buildActionMask = 2147483647;
			files = (
				4EF3F2931F4859EA004197A8 /* CascadeTests.swift in Sources */,
				4E71F1F51F438AA1002E66D3 /* FoundationTests.swift in Sources */,
				4EF3F2951F485A7E004197A8 /* CellTests.swift in Sources */,
				4E71F1F71F438AEA002E66D3 /* GameTests.swift in Sources */,
				4E396E991EF3DF8600F8696A /* Freecell2Tests.swift in Sources */,
			);
			runOnlyForDeploymentPostprocessing = 0;
		};
		7E02B12520EC6FF90088FFEB /* Sources */ = {
			isa = PBXSourcesBuildPhase;
			buildActionMask = 2147483647;
			files = (
				7E02B18320EC70C30088FFEB /* GameScene.swift in Sources */,
				7E02B16120EC70B50088FFEB /* Game.swift in Sources */,
				7E02B15A20EC70B50088FFEB /* Resetable.swift in Sources */,
				7E02B16620EC70B50088FFEB /* State.swift in Sources */,
				7E02B18220EC70C30088FFEB /* GameSceneDelegate.swift in Sources */,
				7E02B18020EC70C30088FFEB /* GameGraphicsConfig.swift in Sources */,
				7E02B19B20EC737C0088FFEB /* ViewControllerDelegate.swift in Sources */,
				7E02B16020EC70B50088FFEB /* MasterDeck.swift in Sources */,
				7E02B17C20EC70C30088FFEB /* PlayingDice.swift in Sources */,
				7E02B16420EC70B50088FFEB /* Location.swift in Sources */,
				7E02B15C20EC70B50088FFEB /* Deck.swift in Sources */,
				7E02B16320EC70B50088FFEB /* GameError.swift in Sources */,
				7E02B17A20EC70C30088FFEB /* PlayingCard.swift in Sources */,
				7E02B16720EC70B50088FFEB /* GameResult.swift in Sources */,
				03362DF721309D6800596D52 /* PlayerDetailsViewController.swift in Sources */,
				7E02B15920EC70B50088FFEB /* ContainsCard.swift in Sources */,
				7E02B12E20EC6FF90088FFEB /* GameViewController.swift in Sources */,
				7E02B17B20EC70C30088FFEB /* PlayerInfo.swift in Sources */,
				7E02B17D20EC70C30088FFEB /* CurrentPlayingCard.swift in Sources */,
				7E02B15820EC70B50088FFEB /* CanAddCard.swift in Sources */,
				7E02B15D20EC70B50088FFEB /* Dice.swift in Sources */,
				7E02B17F20EC70C30088FFEB /* GameGraphics.swift in Sources */,
				7E02B12C20EC6FF90088FFEB /* AppDelegate.swift in Sources */,
				7E02B17E20EC70C30088FFEB /* Labels.swift in Sources */,
				7E02B15F20EC70B50088FFEB /* Graveyard.swift in Sources */,
				7E02B15E20EC70B50088FFEB /* Hand.swift in Sources */,
				7E02B16220EC70B50088FFEB /* Battlefield.swift in Sources */,
				7E02B18E20EC70CB0088FFEB /* Shuffle.swift in Sources */,
				7E02B15B20EC70B50088FFEB /* HasState.swift in Sources */,
				7E02B16520EC70B50088FFEB /* Move.swift in Sources */,
				7E02B15620EC70B50088FFEB /* Card.swift in Sources */,
				03B66FBD2125EA7E005827ED /* Database.swift in Sources */,
				7E02B15720EC70B50088FFEB /* LoginInfo.swift in Sources */,
			);
			runOnlyForDeploymentPostprocessing = 0;
		};
		7E02B13620EC6FF90088FFEB /* Sources */ = {
			isa = PBXSourcesBuildPhase;
			buildActionMask = 2147483647;
			files = (
				7E02B18D20EC70C30088FFEB /* GameScene.swift in Sources */,
				7E02B15420EC70550088FFEB /* AppDelegate.swift in Sources */,
				7E02B17320EC70B50088FFEB /* Game.swift in Sources */,
				7E02B16C20EC70B50088FFEB /* Resetable.swift in Sources */,
				7E02B17820EC70B50088FFEB /* State.swift in Sources */,
				7E02B18C20EC70C30088FFEB /* GameSceneDelegate.swift in Sources */,
				7E02B19A20EC737C0088FFEB /* ViewControllerDelegate.swift in Sources */,
				7E02B18A20EC70C30088FFEB /* GameGraphicsConfig.swift in Sources */,
				7E02B17220EC70B50088FFEB /* MasterDeck.swift in Sources */,
				7E02B18620EC70C30088FFEB /* PlayingDice.swift in Sources */,
				7E02B17620EC70B50088FFEB /* Location.swift in Sources */,
				7E02B16E20EC70B50088FFEB /* Deck.swift in Sources */,
				7E02B17520EC70B50088FFEB /* GameError.swift in Sources */,
				7E02B18420EC70C30088FFEB /* PlayingCard.swift in Sources */,
				7E02B17920EC70B50088FFEB /* GameResult.swift in Sources */,
				7E02B16B20EC70B50088FFEB /* ContainsCard.swift in Sources */,
				7E02B18520EC70C30088FFEB /* PlayerInfo.swift in Sources */,
				7E02B18720EC70C30088FFEB /* CurrentPlayingCard.swift in Sources */,
				7E02B16A20EC70B50088FFEB /* CanAddCard.swift in Sources */,
				7E02B16F20EC70B50088FFEB /* Dice.swift in Sources */,
				7E02B18920EC70C30088FFEB /* GameGraphics.swift in Sources */,
				7E02B15520EC70830088FFEB /* ViewController.swift in Sources */,
				7E02B18820EC70C30088FFEB /* Labels.swift in Sources */,
				7E02B17120EC70B50088FFEB /* Graveyard.swift in Sources */,
				7E02B17020EC70B50088FFEB /* Hand.swift in Sources */,
				7E02B17420EC70B50088FFEB /* Battlefield.swift in Sources */,
				7E02B18F20EC70CC0088FFEB /* Shuffle.swift in Sources */,
				7E02B16D20EC70B50088FFEB /* HasState.swift in Sources */,
				7E02B17720EC70B50088FFEB /* Move.swift in Sources */,
				7E02B16820EC70B50088FFEB /* Card.swift in Sources */,
				03B66FBE2125EA7E005827ED /* Database.swift in Sources */,
				7E02B16920EC70B50088FFEB /* LoginInfo.swift in Sources */,
			);
			runOnlyForDeploymentPostprocessing = 0;
		};
/* End PBXSourcesBuildPhase section */

/* Begin PBXTargetDependency section */
		4E396E961EF3DF8600F8696A /* PBXTargetDependency */ = {
			isa = PBXTargetDependency;
			target = 4E396E7C1EF3DF8600F8696A /* Wizard Duel */;
			targetProxy = 4E396E951EF3DF8600F8696A /* PBXContainerItemProxy */;
		};
/* End PBXTargetDependency section */

/* Begin PBXVariantGroup section */
		4E396E8C1EF3DF8600F8696A /* Main.storyboard */ = {
			isa = PBXVariantGroup;
			children = (
				4E396E8D1EF3DF8600F8696A /* Base */,
			);
			name = Main.storyboard;
			sourceTree = "<group>";
		};
		7E02B12F20EC6FF90088FFEB /* Main.storyboard */ = {
			isa = PBXVariantGroup;
			children = (
				7E02B13020EC6FF90088FFEB /* Base */,
			);
			name = Main.storyboard;
			sourceTree = "<group>";
		};
		7E02B13220EC6FF90088FFEB /* LaunchScreen.storyboard */ = {
			isa = PBXVariantGroup;
			children = (
				7E02B13320EC6FF90088FFEB /* Base */,
			);
			name = LaunchScreen.storyboard;
			sourceTree = "<group>";
		};
/* End PBXVariantGroup section */

/* Begin XCBuildConfiguration section */
		4E396E9B1EF3DF8600F8696A /* Debug */ = {
			isa = XCBuildConfiguration;
			buildSettings = {
				ALWAYS_SEARCH_USER_PATHS = NO;
				CLANG_ANALYZER_NONNULL = YES;
				CLANG_ANALYZER_NUMBER_OBJECT_CONVERSION = YES_AGGRESSIVE;
				CLANG_CXX_LANGUAGE_STANDARD = "gnu++0x";
				CLANG_CXX_LIBRARY = "libc++";
				CLANG_ENABLE_MODULES = YES;
				CLANG_ENABLE_OBJC_ARC = YES;
				CLANG_WARN_BLOCK_CAPTURE_AUTORELEASING = YES;
				CLANG_WARN_BOOL_CONVERSION = YES;
				CLANG_WARN_COMMA = YES;
				CLANG_WARN_CONSTANT_CONVERSION = YES;
				CLANG_WARN_DEPRECATED_OBJC_IMPLEMENTATIONS = YES;
				CLANG_WARN_DIRECT_OBJC_ISA_USAGE = YES_ERROR;
				CLANG_WARN_DOCUMENTATION_COMMENTS = YES;
				CLANG_WARN_EMPTY_BODY = YES;
				CLANG_WARN_ENUM_CONVERSION = YES;
				CLANG_WARN_INFINITE_RECURSION = YES;
				CLANG_WARN_INT_CONVERSION = YES;
				CLANG_WARN_NON_LITERAL_NULL_CONVERSION = YES;
				CLANG_WARN_OBJC_IMPLICIT_RETAIN_SELF = YES;
				CLANG_WARN_OBJC_LITERAL_CONVERSION = YES;
				CLANG_WARN_OBJC_ROOT_CLASS = YES_ERROR;
				CLANG_WARN_RANGE_LOOP_ANALYSIS = YES;
				CLANG_WARN_STRICT_PROTOTYPES = YES;
				CLANG_WARN_SUSPICIOUS_MOVE = YES;
				CLANG_WARN_UNREACHABLE_CODE = YES;
				CLANG_WARN__DUPLICATE_METHOD_MATCH = YES;
				CODE_SIGN_IDENTITY = "-";
				COPY_PHASE_STRIP = NO;
				DEBUG_INFORMATION_FORMAT = dwarf;
				ENABLE_STRICT_OBJC_MSGSEND = YES;
				ENABLE_TESTABILITY = YES;
				GCC_C_LANGUAGE_STANDARD = gnu99;
				GCC_DYNAMIC_NO_PIC = NO;
				GCC_NO_COMMON_BLOCKS = YES;
				GCC_OPTIMIZATION_LEVEL = 0;
				GCC_PREPROCESSOR_DEFINITIONS = (
					"DEBUG=1",
					"$(inherited)",
				);
				GCC_WARN_64_TO_32_BIT_CONVERSION = YES;
				GCC_WARN_ABOUT_RETURN_TYPE = YES_ERROR;
				GCC_WARN_UNDECLARED_SELECTOR = YES;
				GCC_WARN_UNINITIALIZED_AUTOS = YES_AGGRESSIVE;
				GCC_WARN_UNUSED_FUNCTION = YES;
				GCC_WARN_UNUSED_VARIABLE = YES;
				MACOSX_DEPLOYMENT_TARGET = 10.12;
				MTL_ENABLE_DEBUG_INFO = YES;
				ONLY_ACTIVE_ARCH = YES;
				SDKROOT = macosx;
				SWIFT_ACTIVE_COMPILATION_CONDITIONS = DEBUG;
				SWIFT_OPTIMIZATION_LEVEL = "-Onone";
			};
			name = Debug;
		};
		4E396E9C1EF3DF8600F8696A /* Release */ = {
			isa = XCBuildConfiguration;
			buildSettings = {
				ALWAYS_SEARCH_USER_PATHS = NO;
				CLANG_ANALYZER_NONNULL = YES;
				CLANG_ANALYZER_NUMBER_OBJECT_CONVERSION = YES_AGGRESSIVE;
				CLANG_CXX_LANGUAGE_STANDARD = "gnu++0x";
				CLANG_CXX_LIBRARY = "libc++";
				CLANG_ENABLE_MODULES = YES;
				CLANG_ENABLE_OBJC_ARC = YES;
				CLANG_WARN_BLOCK_CAPTURE_AUTORELEASING = YES;
				CLANG_WARN_BOOL_CONVERSION = YES;
				CLANG_WARN_COMMA = YES;
				CLANG_WARN_CONSTANT_CONVERSION = YES;
				CLANG_WARN_DEPRECATED_OBJC_IMPLEMENTATIONS = YES;
				CLANG_WARN_DIRECT_OBJC_ISA_USAGE = YES_ERROR;
				CLANG_WARN_DOCUMENTATION_COMMENTS = YES;
				CLANG_WARN_EMPTY_BODY = YES;
				CLANG_WARN_ENUM_CONVERSION = YES;
				CLANG_WARN_INFINITE_RECURSION = YES;
				CLANG_WARN_INT_CONVERSION = YES;
				CLANG_WARN_NON_LITERAL_NULL_CONVERSION = YES;
				CLANG_WARN_OBJC_IMPLICIT_RETAIN_SELF = YES;
				CLANG_WARN_OBJC_LITERAL_CONVERSION = YES;
				CLANG_WARN_OBJC_ROOT_CLASS = YES_ERROR;
				CLANG_WARN_RANGE_LOOP_ANALYSIS = YES;
				CLANG_WARN_STRICT_PROTOTYPES = YES;
				CLANG_WARN_SUSPICIOUS_MOVE = YES;
				CLANG_WARN_UNREACHABLE_CODE = YES;
				CLANG_WARN__DUPLICATE_METHOD_MATCH = YES;
				CODE_SIGN_IDENTITY = "-";
				COPY_PHASE_STRIP = NO;
				DEBUG_INFORMATION_FORMAT = "dwarf-with-dsym";
				ENABLE_NS_ASSERTIONS = NO;
				ENABLE_STRICT_OBJC_MSGSEND = YES;
				GCC_C_LANGUAGE_STANDARD = gnu99;
				GCC_NO_COMMON_BLOCKS = YES;
				GCC_WARN_64_TO_32_BIT_CONVERSION = YES;
				GCC_WARN_ABOUT_RETURN_TYPE = YES_ERROR;
				GCC_WARN_UNDECLARED_SELECTOR = YES;
				GCC_WARN_UNINITIALIZED_AUTOS = YES_AGGRESSIVE;
				GCC_WARN_UNUSED_FUNCTION = YES;
				GCC_WARN_UNUSED_VARIABLE = YES;
				MACOSX_DEPLOYMENT_TARGET = 10.12;
				MTL_ENABLE_DEBUG_INFO = NO;
				SDKROOT = macosx;
				SWIFT_OPTIMIZATION_LEVEL = "-Owholemodule";
			};
			name = Release;
		};
		4E396E9E1EF3DF8700F8696A /* Debug */ = {
			isa = XCBuildConfiguration;
			buildSettings = {
				ASSETCATALOG_COMPILER_APPICON_NAME = AppIcon;
				CODE_SIGN_IDENTITY = "";
				CODE_SIGN_STYLE = Manual;
				COMBINE_HIDPI_IMAGES = YES;
				DEVELOPMENT_TEAM = QD694Y7TZY;
				INFOPLIST_FILE = "$(SRCROOT)/Wizard Duel/Info.plist";
				LD_RUNPATH_SEARCH_PATHS = "$(inherited) @executable_path/../Frameworks";
				PRODUCT_BUNDLE_IDENTIFIER = com.CobeyHollier.WizardDuel;
				PRODUCT_NAME = "$(TARGET_NAME)";
				PROVISIONING_PROFILE_SPECIFIER = "";
				SWIFT_SWIFT3_OBJC_INFERENCE = Default;
				SWIFT_VERSION = 4.0;
			};
			name = Debug;
		};
		4E396E9F1EF3DF8700F8696A /* Release */ = {
			isa = XCBuildConfiguration;
			buildSettings = {
				ASSETCATALOG_COMPILER_APPICON_NAME = AppIcon;
				CODE_SIGN_IDENTITY = "";
				CODE_SIGN_STYLE = Manual;
				COMBINE_HIDPI_IMAGES = YES;
				DEVELOPMENT_TEAM = QD694Y7TZY;
				INFOPLIST_FILE = "$(SRCROOT)/Wizard Duel/Info.plist";
				LD_RUNPATH_SEARCH_PATHS = "$(inherited) @executable_path/../Frameworks";
				PRODUCT_BUNDLE_IDENTIFIER = com.CobeyHollier.WizardDuel;
				PRODUCT_NAME = "$(TARGET_NAME)";
				PROVISIONING_PROFILE_SPECIFIER = "";
				SWIFT_SWIFT3_OBJC_INFERENCE = Default;
				SWIFT_VERSION = 4.0;
			};
			name = Release;
		};
		4E396EA11EF3DF8700F8696A /* Debug */ = {
			isa = XCBuildConfiguration;
			baseConfigurationReference = 94A65812CEDF7BF3EDC08661 /* Pods-Wizard DuelTests.debug.xcconfig */;
			buildSettings = {
				ALWAYS_EMBED_SWIFT_STANDARD_LIBRARIES = YES;
				BUNDLE_LOADER = "$(TEST_HOST)";
				COMBINE_HIDPI_IMAGES = YES;
				DEVELOPMENT_TEAM = T59AZ797LW;
				INFOPLIST_FILE = Freecell2Tests/Info.plist;
				LD_RUNPATH_SEARCH_PATHS = "$(inherited) @executable_path/../Frameworks @loader_path/../Frameworks";
				PRODUCT_BUNDLE_IDENTIFIER = xyz.preludeandfugue.Freecell2Tests;
				PRODUCT_NAME = "$(TARGET_NAME)";
				SWIFT_SWIFT3_OBJC_INFERENCE = Default;
				SWIFT_VERSION = 4.0;
				TEST_HOST = "$(BUILT_PRODUCTS_DIR)/Wizard Duel.app/Contents/MacOS/Wizard Duel";
			};
			name = Debug;
		};
		4E396EA21EF3DF8700F8696A /* Release */ = {
			isa = XCBuildConfiguration;
			baseConfigurationReference = E11886FA98E8A00D9A2456E6 /* Pods-Wizard DuelTests.release.xcconfig */;
			buildSettings = {
				ALWAYS_EMBED_SWIFT_STANDARD_LIBRARIES = YES;
				BUNDLE_LOADER = "$(TEST_HOST)";
				COMBINE_HIDPI_IMAGES = YES;
				DEVELOPMENT_TEAM = T59AZ797LW;
				INFOPLIST_FILE = Freecell2Tests/Info.plist;
				LD_RUNPATH_SEARCH_PATHS = "$(inherited) @executable_path/../Frameworks @loader_path/../Frameworks";
				PRODUCT_BUNDLE_IDENTIFIER = xyz.preludeandfugue.Freecell2Tests;
				PRODUCT_NAME = "$(TARGET_NAME)";
				SWIFT_SWIFT3_OBJC_INFERENCE = Default;
				SWIFT_VERSION = 4.0;
				TEST_HOST = "$(BUILT_PRODUCTS_DIR)/Wizard Duel.app/Contents/MacOS/Wizard Duel";
			};
			name = Release;
		};
		7E02B14C20EC6FF90088FFEB /* Debug */ = {
			isa = XCBuildConfiguration;
			baseConfigurationReference = 6D921A094D43A8909B949205 /* Pods-WizardDuel iOS.debug.xcconfig */;
			buildSettings = {
				ASSETCATALOG_COMPILER_APPICON_NAME = AppIcon;
				CLANG_CXX_LANGUAGE_STANDARD = "gnu++14";
				CLANG_ENABLE_OBJC_WEAK = YES;
				CLANG_WARN_UNGUARDED_AVAILABILITY = YES_AGGRESSIVE;
				CODE_SIGN_IDENTITY = "iPhone Developer";
				CODE_SIGN_STYLE = Automatic;
				DEVELOPMENT_TEAM = QD694Y7TZY;
				GCC_C_LANGUAGE_STANDARD = gnu11;
				INFOPLIST_FILE = "WizardDuel iOS/Info.plist";
				IPHONEOS_DEPLOYMENT_TARGET = 11.4;
				LD_RUNPATH_SEARCH_PATHS = "$(inherited) @executable_path/Frameworks";
				PRODUCT_BUNDLE_IDENTIFIER = com.CobeyHollier.WizardDuel;
				PRODUCT_NAME = WizardDuel;
				SDKROOT = iphoneos;
				SWIFT_VERSION = 4.0;
				TARGETED_DEVICE_FAMILY = "1,2";
			};
			name = Debug;
		};
		7E02B14D20EC6FF90088FFEB /* Release */ = {
			isa = XCBuildConfiguration;
			baseConfigurationReference = 013630CD78B883F7903F6EEF /* Pods-WizardDuel iOS.release.xcconfig */;
			buildSettings = {
				ASSETCATALOG_COMPILER_APPICON_NAME = AppIcon;
				CLANG_CXX_LANGUAGE_STANDARD = "gnu++14";
				CLANG_ENABLE_OBJC_WEAK = YES;
				CLANG_WARN_UNGUARDED_AVAILABILITY = YES_AGGRESSIVE;
				CODE_SIGN_IDENTITY = "iPhone Developer";
				CODE_SIGN_STYLE = Automatic;
				DEVELOPMENT_TEAM = QD694Y7TZY;
				GCC_C_LANGUAGE_STANDARD = gnu11;
				INFOPLIST_FILE = "WizardDuel iOS/Info.plist";
				IPHONEOS_DEPLOYMENT_TARGET = 11.4;
				LD_RUNPATH_SEARCH_PATHS = "$(inherited) @executable_path/Frameworks";
				PRODUCT_BUNDLE_IDENTIFIER = com.CobeyHollier.WizardDuel;
				PRODUCT_NAME = WizardDuel;
				SDKROOT = iphoneos;
				SWIFT_VERSION = 4.0;
				TARGETED_DEVICE_FAMILY = "1,2";
				VALIDATE_PRODUCT = YES;
			};
			name = Release;
		};
		7E02B14E20EC6FF90088FFEB /* Debug */ = {
			isa = XCBuildConfiguration;
			baseConfigurationReference = EA35FAFB0EDA30E622F135DF /* Pods-WizardDuel macOS.debug.xcconfig */;
			buildSettings = {
				ASSETCATALOG_COMPILER_APPICON_NAME = AppIcon;
				CLANG_CXX_LANGUAGE_STANDARD = "gnu++14";
				CLANG_ENABLE_OBJC_WEAK = YES;
				CLANG_WARN_UNGUARDED_AVAILABILITY = YES_AGGRESSIVE;
				CODE_SIGN_IDENTITY = "";
				CODE_SIGN_STYLE = Manual;
				COMBINE_HIDPI_IMAGES = YES;
				DEVELOPMENT_TEAM = QD694Y7TZY;
				GCC_C_LANGUAGE_STANDARD = gnu11;
				INFOPLIST_FILE = "WizardDuel macOS/Info.plist";
				LD_RUNPATH_SEARCH_PATHS = "$(inherited) @executable_path/../Frameworks";
				MACOSX_DEPLOYMENT_TARGET = 10.13;
				PRODUCT_BUNDLE_IDENTIFIER = com.CobeyHollier.WizardDuel;
				PRODUCT_NAME = WizardDuel;
				SDKROOT = macosx;
				SWIFT_VERSION = 4.0;
			};
			name = Debug;
		};
		7E02B14F20EC6FF90088FFEB /* Release */ = {
			isa = XCBuildConfiguration;
			baseConfigurationReference = 7B296579AB4DD3196F15D8F0 /* Pods-WizardDuel macOS.release.xcconfig */;
			buildSettings = {
				ASSETCATALOG_COMPILER_APPICON_NAME = AppIcon;
				CLANG_CXX_LANGUAGE_STANDARD = "gnu++14";
				CLANG_ENABLE_OBJC_WEAK = YES;
				CLANG_WARN_UNGUARDED_AVAILABILITY = YES_AGGRESSIVE;
				CODE_SIGN_IDENTITY = "";
				CODE_SIGN_STYLE = Manual;
				COMBINE_HIDPI_IMAGES = YES;
				DEVELOPMENT_TEAM = QD694Y7TZY;
				GCC_C_LANGUAGE_STANDARD = gnu11;
				INFOPLIST_FILE = "WizardDuel macOS/Info.plist";
				LD_RUNPATH_SEARCH_PATHS = "$(inherited) @executable_path/../Frameworks";
				MACOSX_DEPLOYMENT_TARGET = 10.13;
				PRODUCT_BUNDLE_IDENTIFIER = com.CobeyHollier.WizardDuel;
				PRODUCT_NAME = WizardDuel;
				SDKROOT = macosx;
				SWIFT_VERSION = 4.0;
			};
			name = Release;
		};
/* End XCBuildConfiguration section */

/* Begin XCConfigurationList section */
		4E396E781EF3DF8600F8696A /* Build configuration list for PBXProject "WizardDuel" */ = {
			isa = XCConfigurationList;
			buildConfigurations = (
				4E396E9B1EF3DF8600F8696A /* Debug */,
				4E396E9C1EF3DF8600F8696A /* Release */,
			);
			defaultConfigurationIsVisible = 0;
			defaultConfigurationName = Release;
		};
		4E396E9D1EF3DF8700F8696A /* Build configuration list for PBXNativeTarget "Wizard Duel" */ = {
			isa = XCConfigurationList;
			buildConfigurations = (
				4E396E9E1EF3DF8700F8696A /* Debug */,
				4E396E9F1EF3DF8700F8696A /* Release */,
			);
			defaultConfigurationIsVisible = 0;
			defaultConfigurationName = Release;
		};
		4E396EA01EF3DF8700F8696A /* Build configuration list for PBXNativeTarget "Wizard DuelTests" */ = {
			isa = XCConfigurationList;
			buildConfigurations = (
				4E396EA11EF3DF8700F8696A /* Debug */,
				4E396EA21EF3DF8700F8696A /* Release */,
			);
			defaultConfigurationIsVisible = 0;
			defaultConfigurationName = Release;
		};
		7E02B15020EC6FF90088FFEB /* Build configuration list for PBXNativeTarget "WizardDuel iOS" */ = {
			isa = XCConfigurationList;
			buildConfigurations = (
				7E02B14C20EC6FF90088FFEB /* Debug */,
				7E02B14D20EC6FF90088FFEB /* Release */,
			);
			defaultConfigurationIsVisible = 0;
			defaultConfigurationName = Release;
		};
		7E02B15120EC6FF90088FFEB /* Build configuration list for PBXNativeTarget "WizardDuel macOS" */ = {
			isa = XCConfigurationList;
			buildConfigurations = (
				7E02B14E20EC6FF90088FFEB /* Debug */,
				7E02B14F20EC6FF90088FFEB /* Release */,
			);
			defaultConfigurationIsVisible = 0;
			defaultConfigurationName = Release;
		};
/* End XCConfigurationList section */
	};
	rootObject = 4E396E751EF3DF8600F8696A /* Project object */;
}
